
Microsoft Visual Studio Solution File, Format Version 12.00
# Visual Studio 15
VisualStudioVersion = 15.0.26228.9
MinimumVisualStudioVersion = 10.0.40219.1
Project("{9A19103F-16F7-4668-BE54-9A1E7A4F7556}") = "JF.Identity", "src\JF.Identity\JF.Identity.csproj", "{067BA4F0-3CF9-4248-AEE7-07AD3046A211}"
EndProject
Project("{2150E333-8FDC-42A3-9474-1A3956D46DE8}") = "src", "src", "{10A2D9BD-C833-49BB-A62C-26E9704CE2E5}"
EndProject
Project("{2150E333-8FDC-42A3-9474-1A3956D46DE8}") = "test", "test", "{D6F07EF0-ACA9-4828-B9AA-708BE6B83E31}"
EndProject
Project("{2150E333-8FDC-42A3-9474-1A3956D46DE8}") = "Api", "Api", "{F5254FAC-057D-43A1-8E7B-510931BBE8BB}"
EndProject
Project("{2150E333-8FDC-42A3-9474-1A3956D46DE8}") = "Manager", "Manager", "{360E9E39-2E7E-42D0-B527-3B72EE72C76B}"
EndProject
Project("{2150E333-8FDC-42A3-9474-1A3956D46DE8}") = "Store", "Store", "{D9A39BA3-9534-41F8-BFF7-3DF25A2DF7B3}"
EndProject
Project("{2150E333-8FDC-42A3-9474-1A3956D46DE8}") = "Common", "Common", "{76210505-3E80-453C-9DF3-10ACA60517B9}"
EndProject
Project("{9A19103F-16F7-4668-BE54-9A1E7A4F7556}") = "JF.Identity.Store.Model", "src\JF.Identity.Store.Model\JF.Identity.Store.Model.csproj", "{C55FE8B5-95FE-42AB-A743-1AECAFCF1059}"
EndProject
Project("{9A19103F-16F7-4668-BE54-9A1E7A4F7556}") = "JF.Identity.Store", "src\JF.Identity.Store\JF.Identity.Store.csproj", "{61F6DDD4-1BF0-45D6-A4AD-C6AE3170F54F}"
EndProject
Project("{9A19103F-16F7-4668-BE54-9A1E7A4F7556}") = "JF.Identity.Store.EFCore", "src\JF.Identity.Store.EFCore\JF.Identity.Store.EFCore.csproj", "{A7D40051-A615-499A-80B7-1F598B262195}"
EndProject
Project("{9A19103F-16F7-4668-BE54-9A1E7A4F7556}") = "JF.Identity.Manager", "src\JF.Identity.Manager\JF.Identity.Manager.csproj", "{90739DE8-AE0D-4367-A5B6-04727A14A78C}"
EndProject
Project("{9A19103F-16F7-4668-BE54-9A1E7A4F7556}") = "JF.Identity.Api.Model", "src\JF.Identity.Api.Model\JF.Identity.Api.Model.csproj", "{24371873-818E-49B2-85CC-F43479191F2F}"
EndProject
Project("{9A19103F-16F7-4668-BE54-9A1E7A4F7556}") = "JF.Identity.Api", "src\JF.Identity.Api\JF.Identity.Api.csproj", "{595F79BE-7509-43FC-A8BB-870E649B46C1}"
EndProject
Project("{FAE04EC0-301F-11D3-BF4B-00C04F79EFBC}") = "JF.Identity.Common", "src\JF.Identity.Common\JF.Identity.Common.csproj", "{7A4DE1A4-30A6-4F81-933A-F122269DDA78}"
EndProject
Project("{FAE04EC0-301F-11D3-BF4B-00C04F79EFBC}") = "CSYS.ProtobufFormatters", "src\CSYS.ProtoFormatters\CSYS.ProtobufFormatters.csproj", "{86E440A8-E182-4383-8840-E960B90C7C2D}"
EndProject
Project("{FAE04EC0-301F-11D3-BF4B-00C04F79EFBC}") = "CSYS.Protobuf", "src\CSYS.Protobuf\CSYS.Protobuf.csproj", "{FE92FB5A-0799-419A-B260-1176EBE5F5B4}"
EndProject
Global
	GlobalSection(SolutionConfigurationPlatforms) = preSolution
		Debug|Any CPU = Debug|Any CPU
		Debug|x64 = Debug|x64
		Debug|x86 = Debug|x86
		Release|Any CPU = Release|Any CPU
		Release|x64 = Release|x64
		Release|x86 = Release|x86
	EndGlobalSection
	GlobalSection(ProjectConfigurationPlatforms) = postSolution
		{067BA4F0-3CF9-4248-AEE7-07AD3046A211}.Debug|Any CPU.ActiveCfg = Debug|Any CPU
		{067BA4F0-3CF9-4248-AEE7-07AD3046A211}.Debug|Any CPU.Build.0 = Debug|Any CPU
		{067BA4F0-3CF9-4248-AEE7-07AD3046A211}.Debug|x64.ActiveCfg = Debug|Any CPU
		{067BA4F0-3CF9-4248-AEE7-07AD3046A211}.Debug|x64.Build.0 = Debug|Any CPU
		{067BA4F0-3CF9-4248-AEE7-07AD3046A211}.Debug|x86.ActiveCfg = Debug|Any CPU
		{067BA4F0-3CF9-4248-AEE7-07AD3046A211}.Debug|x86.Build.0 = Debug|Any CPU
		{067BA4F0-3CF9-4248-AEE7-07AD3046A211}.Release|Any CPU.ActiveCfg = Release|Any CPU
		{067BA4F0-3CF9-4248-AEE7-07AD3046A211}.Release|Any CPU.Build.0 = Release|Any CPU
		{067BA4F0-3CF9-4248-AEE7-07AD3046A211}.Release|x64.ActiveCfg = Release|Any CPU
		{067BA4F0-3CF9-4248-AEE7-07AD3046A211}.Release|x64.Build.0 = Release|Any CPU
		{067BA4F0-3CF9-4248-AEE7-07AD3046A211}.Release|x86.ActiveCfg = Release|Any CPU
		{067BA4F0-3CF9-4248-AEE7-07AD3046A211}.Release|x86.Build.0 = Release|Any CPU
		{C55FE8B5-95FE-42AB-A743-1AECAFCF1059}.Debug|Any CPU.ActiveCfg = Debug|Any CPU
		{C55FE8B5-95FE-42AB-A743-1AECAFCF1059}.Debug|Any CPU.Build.0 = Debug|Any CPU
		{C55FE8B5-95FE-42AB-A743-1AECAFCF1059}.Debug|x64.ActiveCfg = Debug|Any CPU
		{C55FE8B5-95FE-42AB-A743-1AECAFCF1059}.Debug|x64.Build.0 = Debug|Any CPU
		{C55FE8B5-95FE-42AB-A743-1AECAFCF1059}.Debug|x86.ActiveCfg = Debug|Any CPU
		{C55FE8B5-95FE-42AB-A743-1AECAFCF1059}.Debug|x86.Build.0 = Debug|Any CPU
		{C55FE8B5-95FE-42AB-A743-1AECAFCF1059}.Release|Any CPU.ActiveCfg = Release|Any CPU
		{C55FE8B5-95FE-42AB-A743-1AECAFCF1059}.Release|Any CPU.Build.0 = Release|Any CPU
		{C55FE8B5-95FE-42AB-A743-1AECAFCF1059}.Release|x64.ActiveCfg = Release|Any CPU
		{C55FE8B5-95FE-42AB-A743-1AECAFCF1059}.Release|x64.Build.0 = Release|Any CPU
		{C55FE8B5-95FE-42AB-A743-1AECAFCF1059}.Release|x86.ActiveCfg = Release|Any CPU
		{C55FE8B5-95FE-42AB-A743-1AECAFCF1059}.Release|x86.Build.0 = Release|Any CPU
		{61F6DDD4-1BF0-45D6-A4AD-C6AE3170F54F}.Debug|Any CPU.ActiveCfg = Debug|Any CPU
		{61F6DDD4-1BF0-45D6-A4AD-C6AE3170F54F}.Debug|Any CPU.Build.0 = Debug|Any CPU
		{61F6DDD4-1BF0-45D6-A4AD-C6AE3170F54F}.Debug|x64.ActiveCfg = Debug|Any CPU
		{61F6DDD4-1BF0-45D6-A4AD-C6AE3170F54F}.Debug|x64.Build.0 = Debug|Any CPU
		{61F6DDD4-1BF0-45D6-A4AD-C6AE3170F54F}.Debug|x86.ActiveCfg = Debug|Any CPU
		{61F6DDD4-1BF0-45D6-A4AD-C6AE3170F54F}.Debug|x86.Build.0 = Debug|Any CPU
		{61F6DDD4-1BF0-45D6-A4AD-C6AE3170F54F}.Release|Any CPU.ActiveCfg = Release|Any CPU
		{61F6DDD4-1BF0-45D6-A4AD-C6AE3170F54F}.Release|Any CPU.Build.0 = Release|Any CPU
		{61F6DDD4-1BF0-45D6-A4AD-C6AE3170F54F}.Release|x64.ActiveCfg = Release|Any CPU
		{61F6DDD4-1BF0-45D6-A4AD-C6AE3170F54F}.Release|x64.Build.0 = Release|Any CPU
		{61F6DDD4-1BF0-45D6-A4AD-C6AE3170F54F}.Release|x86.ActiveCfg = Release|Any CPU
		{61F6DDD4-1BF0-45D6-A4AD-C6AE3170F54F}.Release|x86.Build.0 = Release|Any CPU
		{A7D40051-A615-499A-80B7-1F598B262195}.Debug|Any CPU.ActiveCfg = Debug|Any CPU
		{A7D40051-A615-499A-80B7-1F598B262195}.Debug|Any CPU.Build.0 = Debug|Any CPU
		{A7D40051-A615-499A-80B7-1F598B262195}.Debug|x64.ActiveCfg = Debug|Any CPU
		{A7D40051-A615-499A-80B7-1F598B262195}.Debug|x64.Build.0 = Debug|Any CPU
		{A7D40051-A615-499A-80B7-1F598B262195}.Debug|x86.ActiveCfg = Debug|Any CPU
		{A7D40051-A615-499A-80B7-1F598B262195}.Debug|x86.Build.0 = Debug|Any CPU
		{A7D40051-A615-499A-80B7-1F598B262195}.Release|Any CPU.ActiveCfg = Release|Any CPU
		{A7D40051-A615-499A-80B7-1F598B262195}.Release|Any CPU.Build.0 = Release|Any CPU
		{A7D40051-A615-499A-80B7-1F598B262195}.Release|x64.ActiveCfg = Release|Any CPU
		{A7D40051-A615-499A-80B7-1F598B262195}.Release|x64.Build.0 = Release|Any CPU
		{A7D40051-A615-499A-80B7-1F598B262195}.Release|x86.ActiveCfg = Release|Any CPU
		{A7D40051-A615-499A-80B7-1F598B262195}.Release|x86.Build.0 = Release|Any CPU
		{90739DE8-AE0D-4367-A5B6-04727A14A78C}.Debug|Any CPU.ActiveCfg = Debug|Any CPU
		{90739DE8-AE0D-4367-A5B6-04727A14A78C}.Debug|Any CPU.Build.0 = Debug|Any CPU
		{90739DE8-AE0D-4367-A5B6-04727A14A78C}.Debug|x64.ActiveCfg = Debug|Any CPU
		{90739DE8-AE0D-4367-A5B6-04727A14A78C}.Debug|x64.Build.0 = Debug|Any CPU
		{90739DE8-AE0D-4367-A5B6-04727A14A78C}.Debug|x86.ActiveCfg = Debug|Any CPU
		{90739DE8-AE0D-4367-A5B6-04727A14A78C}.Debug|x86.Build.0 = Debug|Any CPU
		{90739DE8-AE0D-4367-A5B6-04727A14A78C}.Release|Any CPU.ActiveCfg = Release|Any CPU
		{90739DE8-AE0D-4367-A5B6-04727A14A78C}.Release|Any CPU.Build.0 = Release|Any CPU
		{90739DE8-AE0D-4367-A5B6-04727A14A78C}.Release|x64.ActiveCfg = Release|Any CPU
		{90739DE8-AE0D-4367-A5B6-04727A14A78C}.Release|x64.Build.0 = Release|Any CPU
		{90739DE8-AE0D-4367-A5B6-04727A14A78C}.Release|x86.ActiveCfg = Release|Any CPU
		{90739DE8-AE0D-4367-A5B6-04727A14A78C}.Release|x86.Build.0 = Release|Any CPU
		{24371873-818E-49B2-85CC-F43479191F2F}.Debug|Any CPU.ActiveCfg = Debug|Any CPU
		{24371873-818E-49B2-85CC-F43479191F2F}.Debug|Any CPU.Build.0 = Debug|Any CPU
		{24371873-818E-49B2-85CC-F43479191F2F}.Debug|x64.ActiveCfg = Debug|Any CPU
		{24371873-818E-49B2-85CC-F43479191F2F}.Debug|x64.Build.0 = Debug|Any CPU
		{24371873-818E-49B2-85CC-F43479191F2F}.Debug|x86.ActiveCfg = Debug|Any CPU
		{24371873-818E-49B2-85CC-F43479191F2F}.Debug|x86.Build.0 = Debug|Any CPU
		{24371873-818E-49B2-85CC-F43479191F2F}.Release|Any CPU.ActiveCfg = Release|Any CPU
		{24371873-818E-49B2-85CC-F43479191F2F}.Release|Any CPU.Build.0 = Release|Any CPU
		{24371873-818E-49B2-85CC-F43479191F2F}.Release|x64.ActiveCfg = Release|Any CPU
		{24371873-818E-49B2-85CC-F43479191F2F}.Release|x64.Build.0 = Release|Any CPU
		{24371873-818E-49B2-85CC-F43479191F2F}.Release|x86.ActiveCfg = Release|Any CPU
		{24371873-818E-49B2-85CC-F43479191F2F}.Release|x86.Build.0 = Release|Any CPU
		{595F79BE-7509-43FC-A8BB-870E649B46C1}.Debug|Any CPU.ActiveCfg = Debug|Any CPU
		{595F79BE-7509-43FC-A8BB-870E649B46C1}.Debug|Any CPU.Build.0 = Debug|Any CPU
		{595F79BE-7509-43FC-A8BB-870E649B46C1}.Debug|x64.ActiveCfg = Debug|Any CPU
		{595F79BE-7509-43FC-A8BB-870E649B46C1}.Debug|x64.Build.0 = Debug|Any CPU
		{595F79BE-7509-43FC-A8BB-870E649B46C1}.Debug|x86.ActiveCfg = Debug|Any CPU
		{595F79BE-7509-43FC-A8BB-870E649B46C1}.Debug|x86.Build.0 = Debug|Any CPU
		{595F79BE-7509-43FC-A8BB-870E649B46C1}.Release|Any CPU.ActiveCfg = Release|Any CPU
		{595F79BE-7509-43FC-A8BB-870E649B46C1}.Release|Any CPU.Build.0 = Release|Any CPU
		{595F79BE-7509-43FC-A8BB-870E649B46C1}.Release|x64.ActiveCfg = Release|Any CPU
		{595F79BE-7509-43FC-A8BB-870E649B46C1}.Release|x64.Build.0 = Release|Any CPU
		{595F79BE-7509-43FC-A8BB-870E649B46C1}.Release|x86.ActiveCfg = Release|Any CPU
		{595F79BE-7509-43FC-A8BB-870E649B46C1}.Release|x86.Build.0 = Release|Any CPU
		{7A4DE1A4-30A6-4F81-933A-F122269DDA78}.Debug|Any CPU.ActiveCfg = Debug|Any CPU
		{7A4DE1A4-30A6-4F81-933A-F122269DDA78}.Debug|Any CPU.Build.0 = Debug|Any CPU
		{7A4DE1A4-30A6-4F81-933A-F122269DDA78}.Debug|x64.ActiveCfg = Debug|Any CPU
		{7A4DE1A4-30A6-4F81-933A-F122269DDA78}.Debug|x64.Build.0 = Debug|Any CPU
		{7A4DE1A4-30A6-4F81-933A-F122269DDA78}.Debug|x86.ActiveCfg = Debug|Any CPU
		{7A4DE1A4-30A6-4F81-933A-F122269DDA78}.Debug|x86.Build.0 = Debug|Any CPU
		{7A4DE1A4-30A6-4F81-933A-F122269DDA78}.Release|Any CPU.ActiveCfg = Release|Any CPU
		{7A4DE1A4-30A6-4F81-933A-F122269DDA78}.Release|Any CPU.Build.0 = Release|Any CPU
		{7A4DE1A4-30A6-4F81-933A-F122269DDA78}.Release|x64.ActiveCfg = Release|Any CPU
		{7A4DE1A4-30A6-4F81-933A-F122269DDA78}.Release|x64.Build.0 = Release|Any CPU
		{7A4DE1A4-30A6-4F81-933A-F122269DDA78}.Release|x86.ActiveCfg = Release|Any CPU
		{7A4DE1A4-30A6-4F81-933A-F122269DDA78}.Release|x86.Build.0 = Release|Any CPU
		{86E440A8-E182-4383-8840-E960B90C7C2D}.Debug|Any CPU.ActiveCfg = Debug|Any CPU
		{86E440A8-E182-4383-8840-E960B90C7C2D}.Debug|Any CPU.Build.0 = Debug|Any CPU
		{86E440A8-E182-4383-8840-E960B90C7C2D}.Debug|x64.ActiveCfg = Debug|Any CPU
		{86E440A8-E182-4383-8840-E960B90C7C2D}.Debug|x64.Build.0 = Debug|Any CPU
		{86E440A8-E182-4383-8840-E960B90C7C2D}.Debug|x86.ActiveCfg = Debug|Any CPU
		{86E440A8-E182-4383-8840-E960B90C7C2D}.Debug|x86.Build.0 = Debug|Any CPU
		{86E440A8-E182-4383-8840-E960B90C7C2D}.Release|Any CPU.ActiveCfg = Release|Any CPU
		{86E440A8-E182-4383-8840-E960B90C7C2D}.Release|Any CPU.Build.0 = Release|Any CPU
		{86E440A8-E182-4383-8840-E960B90C7C2D}.Release|x64.ActiveCfg = Release|Any CPU
		{86E440A8-E182-4383-8840-E960B90C7C2D}.Release|x64.Build.0 = Release|Any CPU
		{86E440A8-E182-4383-8840-E960B90C7C2D}.Release|x86.ActiveCfg = Release|Any CPU
		{86E440A8-E182-4383-8840-E960B90C7C2D}.Release|x86.Build.0 = Release|Any CPU
		{FE92FB5A-0799-419A-B260-1176EBE5F5B4}.Debug|Any CPU.ActiveCfg = Debug|Any CPU
		{FE92FB5A-0799-419A-B260-1176EBE5F5B4}.Debug|Any CPU.Build.0 = Debug|Any CPU
		{FE92FB5A-0799-419A-B260-1176EBE5F5B4}.Debug|x64.ActiveCfg = Debug|Any CPU
		{FE92FB5A-0799-419A-B260-1176EBE5F5B4}.Debug|x64.Build.0 = Debug|Any CPU
		{FE92FB5A-0799-419A-B260-1176EBE5F5B4}.Debug|x86.ActiveCfg = Debug|Any CPU
		{FE92FB5A-0799-419A-B260-1176EBE5F5B4}.Debug|x86.Build.0 = Debug|Any CPU
		{FE92FB5A-0799-419A-B260-1176EBE5F5B4}.Release|Any CPU.ActiveCfg = Release|Any CPU
		{FE92FB5A-0799-419A-B260-1176EBE5F5B4}.Release|Any CPU.Build.0 = Release|Any CPU
		{FE92FB5A-0799-419A-B260-1176EBE5F5B4}.Release|x64.ActiveCfg = Release|Any CPU
		{FE92FB5A-0799-419A-B260-1176EBE5F5B4}.Release|x64.Build.0 = Release|Any CPU
		{FE92FB5A-0799-419A-B260-1176EBE5F5B4}.Release|x86.ActiveCfg = Release|Any CPU
		{FE92FB5A-0799-419A-B260-1176EBE5F5B4}.Release|x86.Build.0 = Release|Any CPU
	EndGlobalSection
	GlobalSection(SolutionProperties) = preSolution
		HideSolutionNode = FALSE
	EndGlobalSection
	GlobalSection(NestedProjects) = preSolution
		{067BA4F0-3CF9-4248-AEE7-07AD3046A211} = {10A2D9BD-C833-49BB-A62C-26E9704CE2E5}
		{F5254FAC-057D-43A1-8E7B-510931BBE8BB} = {10A2D9BD-C833-49BB-A62C-26E9704CE2E5}
		{360E9E39-2E7E-42D0-B527-3B72EE72C76B} = {10A2D9BD-C833-49BB-A62C-26E9704CE2E5}
		{D9A39BA3-9534-41F8-BFF7-3DF25A2DF7B3} = {10A2D9BD-C833-49BB-A62C-26E9704CE2E5}
		{76210505-3E80-453C-9DF3-10ACA60517B9} = {10A2D9BD-C833-49BB-A62C-26E9704CE2E5}
		{C55FE8B5-95FE-42AB-A743-1AECAFCF1059} = {D9A39BA3-9534-41F8-BFF7-3DF25A2DF7B3}
		{61F6DDD4-1BF0-45D6-A4AD-C6AE3170F54F} = {D9A39BA3-9534-41F8-BFF7-3DF25A2DF7B3}
		{A7D40051-A615-499A-80B7-1F598B262195} = {D9A39BA3-9534-41F8-BFF7-3DF25A2DF7B3}
		{90739DE8-AE0D-4367-A5B6-04727A14A78C} = {360E9E39-2E7E-42D0-B527-3B72EE72C76B}
		{24371873-818E-49B2-85CC-F43479191F2F} = {F5254FAC-057D-43A1-8E7B-510931BBE8BB}
		{595F79BE-7509-43FC-A8BB-870E649B46C1} = {F5254FAC-057D-43A1-8E7B-510931BBE8BB}
		{7A4DE1A4-30A6-4F81-933A-F122269DDA78} = {76210505-3E80-453C-9DF3-10ACA60517B9}
		{86E440A8-E182-4383-8840-E960B90C7C2D} = {76210505-3E80-453C-9DF3-10ACA60517B9}
		{FE92FB5A-0799-419A-B260-1176EBE5F5B4} = {76210505-3E80-453C-9DF3-10ACA60517B9}
	EndGlobalSection
EndGlobal
