
Microsoft Visual Studio Solution File, Format Version 12.00
# Visual Studio 15
VisualStudioVersion = 15.0.26228.10
MinimumVisualStudioVersion = 10.0.40219.1
Project("{9A19103F-16F7-4668-BE54-9A1E7A4F7556}") = "JF.Identity", "src\JF.Identity\JF.Identity.csproj", "{067BA4F0-3CF9-4248-AEE7-07AD3046A211}"
EndProject
Project("{2150E333-8FDC-42A3-9474-1A3956D46DE8}") = "src", "src", "{10A2D9BD-C833-49BB-A62C-26E9704CE2E5}"
EndProject
Project("{2150E333-8FDC-42A3-9474-1A3956D46DE8}") = "test", "test", "{D6F07EF0-ACA9-4828-B9AA-708BE6B83E31}"
EndProject
Project("{2150E333-8FDC-42A3-9474-1A3956D46DE8}") = "Api", "Api", "{F5254FAC-057D-43A1-8E7B-510931BBE8BB}"
EndProject
Project("{2150E333-8FDC-42A3-9474-1A3956D46DE8}") = "Manager", "Manager", "{360E9E39-2E7E-42D0-B527-3B72EE72C76B}"
EndProject
Project("{2150E333-8FDC-42A3-9474-1A3956D46DE8}") = "Store", "Store", "{D9A39BA3-9534-41F8-BFF7-3DF25A2DF7B3}"
EndProject
Project("{2150E333-8FDC-42A3-9474-1A3956D46DE8}") = "Common", "Common", "{76210505-3E80-453C-9DF3-10ACA60517B9}"
EndProject
Project("{9A19103F-16F7-4668-BE54-9A1E7A4F7556}") = "JF.Identity.Store.Model", "src\JF.Identity.Store.Model\JF.Identity.Store.Model.csproj", "{C55FE8B5-95FE-42AB-A743-1AECAFCF1059}"
EndProject
Project("{9A19103F-16F7-4668-BE54-9A1E7A4F7556}") = "JF.Identity.Store", "src\JF.Identity.Store\JF.Identity.Store.csproj", "{61F6DDD4-1BF0-45D6-A4AD-C6AE3170F54F}"
EndProject
Project("{9A19103F-16F7-4668-BE54-9A1E7A4F7556}") = "JF.Identity.Store.EFCore", "src\JF.Identity.Store.EFCore\JF.Identity.Store.EFCore.csproj", "{A7D40051-A615-499A-80B7-1F598B262195}"
EndProject
Project("{9A19103F-16F7-4668-BE54-9A1E7A4F7556}") = "JF.Identity.Manager", "src\JF.Identity.Manager\JF.Identity.Manager.csproj", "{90739DE8-AE0D-4367-A5B6-04727A14A78C}"
EndProject
Project("{9A19103F-16F7-4668-BE54-9A1E7A4F7556}") = "JF.Identity.Api.Model", "src\JF.Identity.Api.Model\JF.Identity.Api.Model.csproj", "{24371873-818E-49B2-85CC-F43479191F2F}"
EndProject
Project("{9A19103F-16F7-4668-BE54-9A1E7A4F7556}") = "JF.Identity.Api", "src\JF.Identity.Api\JF.Identity.Api.csproj", "{595F79BE-7509-43FC-A8BB-870E649B46C1}"
EndProject
Project("{FAE04EC0-301F-11D3-BF4B-00C04F79EFBC}") = "JF.Identity.Common", "src\JF.Identity.Common\JF.Identity.Common.csproj", "{7A4DE1A4-30A6-4F81-933A-F122269DDA78}"
EndProject
Project("{2150E333-8FDC-42A3-9474-1A3956D46DE8}") = "Solution Items", "Solution Items", "{17CD04D4-E885-4032-B6E4-536D77E740CA}"
	ProjectSection(SolutionItems) = preProject
		proc.ps1 = proc.ps1
	EndProjectSection
EndProject
Project("{9A19103F-16F7-4668-BE54-9A1E7A4F7556}") = "JF.Identity.Proto", "src\JF.Identity.Proto\JF.Identity.Proto.csproj", "{D175B49A-4117-402D-B121-6D55769FB3A2}"
EndProject
Project("{9A19103F-16F7-4668-BE54-9A1E7A4F7556}") = "CSYS.NamingService.ServiceRegister", "..\..\CSYS\CSYS.NamingService\src\CSYS.NamingService.ServiceRegister\CSYS.NamingService.ServiceRegister.csproj", "{EBA14A33-111F-4E93-A685-B31609F35893}"
EndProject
Project("{9A19103F-16F7-4668-BE54-9A1E7A4F7556}") = "CSYS.Service.Requester", "..\..\CSYS\CSYS.Service\src\CSYS.Service.Requester\CSYS.Service.Requester.csproj", "{9376F66C-9100-46ED-89BE-68DCB9F3D069}"
EndProject
Project("{9A19103F-16F7-4668-BE54-9A1E7A4F7556}") = "CSYS.Service.Common", "..\..\CSYS\CSYS.Service\src\CSYS.Service.Common\CSYS.Service.Common.csproj", "{672475F6-7C07-4809-B1E1-308DAD2AB0DB}"
EndProject
Project("{9A19103F-16F7-4668-BE54-9A1E7A4F7556}") = "CSYS.Proto.Common", "..\..\CSYS\CSYS.Proto\src\CSYS.Proto.Common\CSYS.Proto.Common.csproj", "{3D7DFF56-3AF1-4044-ACA8-FF5A88D971D4}"
EndProject
Project("{9A19103F-16F7-4668-BE54-9A1E7A4F7556}") = "CSYS.Proto.Service", "..\..\CSYS\CSYS.Proto\src\CSYS.Proto.Service\CSYS.Proto.Service.csproj", "{D4436540-E32F-40AE-A0E0-F6CA3901CEE7}"
EndProject
Project("{E53339B2-1760-4266-BCC7-CA923CBCF16C}") = "docker-compose", "docker-compose.dcproj", "{B8D87FA1-D957-462A-8EA6-8B0E1AF74912}"
EndProject
Project("{9A19103F-16F7-4668-BE54-9A1E7A4F7556}") = "CSYS.Identity.Core", "..\..\CSYS\CSYS.Identity\src\CSYS.Identity.Core\CSYS.Identity.Core.csproj", "{0DD23EBE-EB4E-406A-8B02-6F0E61A1E8B1}"
EndProject
Project("{9A19103F-16F7-4668-BE54-9A1E7A4F7556}") = "JF.Identity.DapperSqlStore", "src\JF.Identity.DapperSqlStore\JF.Identity.DapperSqlStore.csproj", "{0873DCE7-A98E-41AB-8FB2-9050823A58C9}"
EndProject
Project("{2150E333-8FDC-42A3-9474-1A3956D46DE8}") = "Store", "Store", "{488B9843-641D-4BFE-8739-BE6DAC7E3EE5}"
EndProject
Project("{FAE04EC0-301F-11D3-BF4B-00C04F79EFBC}") = "JF.Identity.DapperSqlStore.Test", "test\JF.Identity.DapperSqlStore.Test\JF.Identity.DapperSqlStore.Test.csproj", "{E052208B-B997-4608-ADE0-80EEF609217B}"
EndProject
Project("{9A19103F-16F7-4668-BE54-9A1E7A4F7556}") = "CSYS.Identity", "..\..\CSYS\CSYS.Identity\src\CSYS.Identity\CSYS.Identity.csproj", "{13CA64EC-1907-45F4-997E-F338E33339BA}"
EndProject
Project("{9A19103F-16F7-4668-BE54-9A1E7A4F7556}") = "CSYS.Mvc.Formatters.Protobuf", "..\..\CSYS\CSYS.Mvc.Formatters.Protobuf\CSYS.Mvc.Formatters.Protobuf\CSYS.Mvc.Formatters.Protobuf.csproj", "{A9B26433-BD14-45A1-9F6A-A551F515AF7B}"
EndProject
Global
	GlobalSection(SolutionConfigurationPlatforms) = preSolution
		Debug|Any CPU = Debug|Any CPU
		Debug|x64 = Debug|x64
		Debug|x86 = Debug|x86
		Release|Any CPU = Release|Any CPU
		Release|x64 = Release|x64
		Release|x86 = Release|x86
	EndGlobalSection
	GlobalSection(ProjectConfigurationPlatforms) = postSolution
		{067BA4F0-3CF9-4248-AEE7-07AD3046A211}.Debug|Any CPU.ActiveCfg = Debug|Any CPU
		{067BA4F0-3CF9-4248-AEE7-07AD3046A211}.Debug|Any CPU.Build.0 = Debug|Any CPU
		{067BA4F0-3CF9-4248-AEE7-07AD3046A211}.Debug|x64.ActiveCfg = Debug|Any CPU
		{067BA4F0-3CF9-4248-AEE7-07AD3046A211}.Debug|x64.Build.0 = Debug|Any CPU
		{067BA4F0-3CF9-4248-AEE7-07AD3046A211}.Debug|x86.ActiveCfg = Debug|Any CPU
		{067BA4F0-3CF9-4248-AEE7-07AD3046A211}.Debug|x86.Build.0 = Debug|Any CPU
		{067BA4F0-3CF9-4248-AEE7-07AD3046A211}.Release|Any CPU.ActiveCfg = Release|Any CPU
		{067BA4F0-3CF9-4248-AEE7-07AD3046A211}.Release|Any CPU.Build.0 = Release|Any CPU
		{067BA4F0-3CF9-4248-AEE7-07AD3046A211}.Release|x64.ActiveCfg = Release|Any CPU
		{067BA4F0-3CF9-4248-AEE7-07AD3046A211}.Release|x64.Build.0 = Release|Any CPU
		{067BA4F0-3CF9-4248-AEE7-07AD3046A211}.Release|x86.ActiveCfg = Release|Any CPU
		{067BA4F0-3CF9-4248-AEE7-07AD3046A211}.Release|x86.Build.0 = Release|Any CPU
		{C55FE8B5-95FE-42AB-A743-1AECAFCF1059}.Debug|Any CPU.ActiveCfg = Debug|Any CPU
		{C55FE8B5-95FE-42AB-A743-1AECAFCF1059}.Debug|Any CPU.Build.0 = Debug|Any CPU
		{C55FE8B5-95FE-42AB-A743-1AECAFCF1059}.Debug|x64.ActiveCfg = Debug|Any CPU
		{C55FE8B5-95FE-42AB-A743-1AECAFCF1059}.Debug|x64.Build.0 = Debug|Any CPU
		{C55FE8B5-95FE-42AB-A743-1AECAFCF1059}.Debug|x86.ActiveCfg = Debug|Any CPU
		{C55FE8B5-95FE-42AB-A743-1AECAFCF1059}.Debug|x86.Build.0 = Debug|Any CPU
		{C55FE8B5-95FE-42AB-A743-1AECAFCF1059}.Release|Any CPU.ActiveCfg = Release|Any CPU
		{C55FE8B5-95FE-42AB-A743-1AECAFCF1059}.Release|Any CPU.Build.0 = Release|Any CPU
		{C55FE8B5-95FE-42AB-A743-1AECAFCF1059}.Release|x64.ActiveCfg = Release|Any CPU
		{C55FE8B5-95FE-42AB-A743-1AECAFCF1059}.Release|x64.Build.0 = Release|Any CPU
		{C55FE8B5-95FE-42AB-A743-1AECAFCF1059}.Release|x86.ActiveCfg = Release|Any CPU
		{C55FE8B5-95FE-42AB-A743-1AECAFCF1059}.Release|x86.Build.0 = Release|Any CPU
		{61F6DDD4-1BF0-45D6-A4AD-C6AE3170F54F}.Debug|Any CPU.ActiveCfg = Debug|Any CPU
		{61F6DDD4-1BF0-45D6-A4AD-C6AE3170F54F}.Debug|Any CPU.Build.0 = Debug|Any CPU
		{61F6DDD4-1BF0-45D6-A4AD-C6AE3170F54F}.Debug|x64.ActiveCfg = Debug|Any CPU
		{61F6DDD4-1BF0-45D6-A4AD-C6AE3170F54F}.Debug|x64.Build.0 = Debug|Any CPU
		{61F6DDD4-1BF0-45D6-A4AD-C6AE3170F54F}.Debug|x86.ActiveCfg = Debug|Any CPU
		{61F6DDD4-1BF0-45D6-A4AD-C6AE3170F54F}.Debug|x86.Build.0 = Debug|Any CPU
		{61F6DDD4-1BF0-45D6-A4AD-C6AE3170F54F}.Release|Any CPU.ActiveCfg = Release|Any CPU
		{61F6DDD4-1BF0-45D6-A4AD-C6AE3170F54F}.Release|Any CPU.Build.0 = Release|Any CPU
		{61F6DDD4-1BF0-45D6-A4AD-C6AE3170F54F}.Release|x64.ActiveCfg = Release|Any CPU
		{61F6DDD4-1BF0-45D6-A4AD-C6AE3170F54F}.Release|x64.Build.0 = Release|Any CPU
		{61F6DDD4-1BF0-45D6-A4AD-C6AE3170F54F}.Release|x86.ActiveCfg = Release|Any CPU
		{61F6DDD4-1BF0-45D6-A4AD-C6AE3170F54F}.Release|x86.Build.0 = Release|Any CPU
		{A7D40051-A615-499A-80B7-1F598B262195}.Debug|Any CPU.ActiveCfg = Debug|Any CPU
		{A7D40051-A615-499A-80B7-1F598B262195}.Debug|Any CPU.Build.0 = Debug|Any CPU
		{A7D40051-A615-499A-80B7-1F598B262195}.Debug|x64.ActiveCfg = Debug|Any CPU
		{A7D40051-A615-499A-80B7-1F598B262195}.Debug|x64.Build.0 = Debug|Any CPU
		{A7D40051-A615-499A-80B7-1F598B262195}.Debug|x86.ActiveCfg = Debug|Any CPU
		{A7D40051-A615-499A-80B7-1F598B262195}.Debug|x86.Build.0 = Debug|Any CPU
		{A7D40051-A615-499A-80B7-1F598B262195}.Release|Any CPU.ActiveCfg = Release|Any CPU
		{A7D40051-A615-499A-80B7-1F598B262195}.Release|Any CPU.Build.0 = Release|Any CPU
		{A7D40051-A615-499A-80B7-1F598B262195}.Release|x64.ActiveCfg = Release|Any CPU
		{A7D40051-A615-499A-80B7-1F598B262195}.Release|x64.Build.0 = Release|Any CPU
		{A7D40051-A615-499A-80B7-1F598B262195}.Release|x86.ActiveCfg = Release|Any CPU
		{A7D40051-A615-499A-80B7-1F598B262195}.Release|x86.Build.0 = Release|Any CPU
		{90739DE8-AE0D-4367-A5B6-04727A14A78C}.Debug|Any CPU.ActiveCfg = Debug|Any CPU
		{90739DE8-AE0D-4367-A5B6-04727A14A78C}.Debug|Any CPU.Build.0 = Debug|Any CPU
		{90739DE8-AE0D-4367-A5B6-04727A14A78C}.Debug|x64.ActiveCfg = Debug|Any CPU
		{90739DE8-AE0D-4367-A5B6-04727A14A78C}.Debug|x64.Build.0 = Debug|Any CPU
		{90739DE8-AE0D-4367-A5B6-04727A14A78C}.Debug|x86.ActiveCfg = Debug|Any CPU
		{90739DE8-AE0D-4367-A5B6-04727A14A78C}.Debug|x86.Build.0 = Debug|Any CPU
		{90739DE8-AE0D-4367-A5B6-04727A14A78C}.Release|Any CPU.ActiveCfg = Release|Any CPU
		{90739DE8-AE0D-4367-A5B6-04727A14A78C}.Release|Any CPU.Build.0 = Release|Any CPU
		{90739DE8-AE0D-4367-A5B6-04727A14A78C}.Release|x64.ActiveCfg = Release|Any CPU
		{90739DE8-AE0D-4367-A5B6-04727A14A78C}.Release|x64.Build.0 = Release|Any CPU
		{90739DE8-AE0D-4367-A5B6-04727A14A78C}.Release|x86.ActiveCfg = Release|Any CPU
		{90739DE8-AE0D-4367-A5B6-04727A14A78C}.Release|x86.Build.0 = Release|Any CPU
		{24371873-818E-49B2-85CC-F43479191F2F}.Debug|Any CPU.ActiveCfg = Debug|Any CPU
		{24371873-818E-49B2-85CC-F43479191F2F}.Debug|Any CPU.Build.0 = Debug|Any CPU
		{24371873-818E-49B2-85CC-F43479191F2F}.Debug|x64.ActiveCfg = Debug|Any CPU
		{24371873-818E-49B2-85CC-F43479191F2F}.Debug|x64.Build.0 = Debug|Any CPU
		{24371873-818E-49B2-85CC-F43479191F2F}.Debug|x86.ActiveCfg = Debug|Any CPU
		{24371873-818E-49B2-85CC-F43479191F2F}.Debug|x86.Build.0 = Debug|Any CPU
		{24371873-818E-49B2-85CC-F43479191F2F}.Release|Any CPU.ActiveCfg = Release|Any CPU
		{24371873-818E-49B2-85CC-F43479191F2F}.Release|Any CPU.Build.0 = Release|Any CPU
		{24371873-818E-49B2-85CC-F43479191F2F}.Release|x64.ActiveCfg = Release|Any CPU
		{24371873-818E-49B2-85CC-F43479191F2F}.Release|x64.Build.0 = Release|Any CPU
		{24371873-818E-49B2-85CC-F43479191F2F}.Release|x86.ActiveCfg = Release|Any CPU
		{24371873-818E-49B2-85CC-F43479191F2F}.Release|x86.Build.0 = Release|Any CPU
		{595F79BE-7509-43FC-A8BB-870E649B46C1}.Debug|Any CPU.ActiveCfg = Debug|Any CPU
		{595F79BE-7509-43FC-A8BB-870E649B46C1}.Debug|Any CPU.Build.0 = Debug|Any CPU
		{595F79BE-7509-43FC-A8BB-870E649B46C1}.Debug|x64.ActiveCfg = Debug|Any CPU
		{595F79BE-7509-43FC-A8BB-870E649B46C1}.Debug|x64.Build.0 = Debug|Any CPU
		{595F79BE-7509-43FC-A8BB-870E649B46C1}.Debug|x86.ActiveCfg = Debug|Any CPU
		{595F79BE-7509-43FC-A8BB-870E649B46C1}.Debug|x86.Build.0 = Debug|Any CPU
		{595F79BE-7509-43FC-A8BB-870E649B46C1}.Release|Any CPU.ActiveCfg = Release|Any CPU
		{595F79BE-7509-43FC-A8BB-870E649B46C1}.Release|Any CPU.Build.0 = Release|Any CPU
		{595F79BE-7509-43FC-A8BB-870E649B46C1}.Release|x64.ActiveCfg = Release|Any CPU
		{595F79BE-7509-43FC-A8BB-870E649B46C1}.Release|x64.Build.0 = Release|Any CPU
		{595F79BE-7509-43FC-A8BB-870E649B46C1}.Release|x86.ActiveCfg = Release|Any CPU
		{595F79BE-7509-43FC-A8BB-870E649B46C1}.Release|x86.Build.0 = Release|Any CPU
		{7A4DE1A4-30A6-4F81-933A-F122269DDA78}.Debug|Any CPU.ActiveCfg = Debug|Any CPU
		{7A4DE1A4-30A6-4F81-933A-F122269DDA78}.Debug|Any CPU.Build.0 = Debug|Any CPU
		{7A4DE1A4-30A6-4F81-933A-F122269DDA78}.Debug|x64.ActiveCfg = Debug|Any CPU
		{7A4DE1A4-30A6-4F81-933A-F122269DDA78}.Debug|x64.Build.0 = Debug|Any CPU
		{7A4DE1A4-30A6-4F81-933A-F122269DDA78}.Debug|x86.ActiveCfg = Debug|Any CPU
		{7A4DE1A4-30A6-4F81-933A-F122269DDA78}.Debug|x86.Build.0 = Debug|Any CPU
		{7A4DE1A4-30A6-4F81-933A-F122269DDA78}.Release|Any CPU.ActiveCfg = Release|Any CPU
		{7A4DE1A4-30A6-4F81-933A-F122269DDA78}.Release|Any CPU.Build.0 = Release|Any CPU
		{7A4DE1A4-30A6-4F81-933A-F122269DDA78}.Release|x64.ActiveCfg = Release|Any CPU
		{7A4DE1A4-30A6-4F81-933A-F122269DDA78}.Release|x64.Build.0 = Release|Any CPU
		{7A4DE1A4-30A6-4F81-933A-F122269DDA78}.Release|x86.ActiveCfg = Release|Any CPU
		{7A4DE1A4-30A6-4F81-933A-F122269DDA78}.Release|x86.Build.0 = Release|Any CPU
		{D175B49A-4117-402D-B121-6D55769FB3A2}.Debug|Any CPU.ActiveCfg = Debug|Any CPU
		{D175B49A-4117-402D-B121-6D55769FB3A2}.Debug|Any CPU.Build.0 = Debug|Any CPU
		{D175B49A-4117-402D-B121-6D55769FB3A2}.Debug|x64.ActiveCfg = Debug|Any CPU
		{D175B49A-4117-402D-B121-6D55769FB3A2}.Debug|x64.Build.0 = Debug|Any CPU
		{D175B49A-4117-402D-B121-6D55769FB3A2}.Debug|x86.ActiveCfg = Debug|Any CPU
		{D175B49A-4117-402D-B121-6D55769FB3A2}.Debug|x86.Build.0 = Debug|Any CPU
		{D175B49A-4117-402D-B121-6D55769FB3A2}.Release|Any CPU.ActiveCfg = Release|Any CPU
		{D175B49A-4117-402D-B121-6D55769FB3A2}.Release|Any CPU.Build.0 = Release|Any CPU
		{D175B49A-4117-402D-B121-6D55769FB3A2}.Release|x64.ActiveCfg = Release|Any CPU
		{D175B49A-4117-402D-B121-6D55769FB3A2}.Release|x64.Build.0 = Release|Any CPU
		{D175B49A-4117-402D-B121-6D55769FB3A2}.Release|x86.ActiveCfg = Release|Any CPU
		{D175B49A-4117-402D-B121-6D55769FB3A2}.Release|x86.Build.0 = Release|Any CPU
		{EBA14A33-111F-4E93-A685-B31609F35893}.Debug|Any CPU.ActiveCfg = Debug|Any CPU
		{EBA14A33-111F-4E93-A685-B31609F35893}.Debug|Any CPU.Build.0 = Debug|Any CPU
		{EBA14A33-111F-4E93-A685-B31609F35893}.Debug|x64.ActiveCfg = Debug|Any CPU
		{EBA14A33-111F-4E93-A685-B31609F35893}.Debug|x64.Build.0 = Debug|Any CPU
		{EBA14A33-111F-4E93-A685-B31609F35893}.Debug|x86.ActiveCfg = Debug|Any CPU
		{EBA14A33-111F-4E93-A685-B31609F35893}.Debug|x86.Build.0 = Debug|Any CPU
		{EBA14A33-111F-4E93-A685-B31609F35893}.Release|Any CPU.ActiveCfg = Release|Any CPU
		{EBA14A33-111F-4E93-A685-B31609F35893}.Release|Any CPU.Build.0 = Release|Any CPU
		{EBA14A33-111F-4E93-A685-B31609F35893}.Release|x64.ActiveCfg = Release|Any CPU
		{EBA14A33-111F-4E93-A685-B31609F35893}.Release|x64.Build.0 = Release|Any CPU
		{EBA14A33-111F-4E93-A685-B31609F35893}.Release|x86.ActiveCfg = Release|Any CPU
		{EBA14A33-111F-4E93-A685-B31609F35893}.Release|x86.Build.0 = Release|Any CPU
		{9376F66C-9100-46ED-89BE-68DCB9F3D069}.Debug|Any CPU.ActiveCfg = Debug|Any CPU
		{9376F66C-9100-46ED-89BE-68DCB9F3D069}.Debug|Any CPU.Build.0 = Debug|Any CPU
		{9376F66C-9100-46ED-89BE-68DCB9F3D069}.Debug|x64.ActiveCfg = Debug|Any CPU
		{9376F66C-9100-46ED-89BE-68DCB9F3D069}.Debug|x64.Build.0 = Debug|Any CPU
		{9376F66C-9100-46ED-89BE-68DCB9F3D069}.Debug|x86.ActiveCfg = Debug|Any CPU
		{9376F66C-9100-46ED-89BE-68DCB9F3D069}.Debug|x86.Build.0 = Debug|Any CPU
		{9376F66C-9100-46ED-89BE-68DCB9F3D069}.Release|Any CPU.ActiveCfg = Release|Any CPU
		{9376F66C-9100-46ED-89BE-68DCB9F3D069}.Release|Any CPU.Build.0 = Release|Any CPU
		{9376F66C-9100-46ED-89BE-68DCB9F3D069}.Release|x64.ActiveCfg = Release|Any CPU
		{9376F66C-9100-46ED-89BE-68DCB9F3D069}.Release|x64.Build.0 = Release|Any CPU
		{9376F66C-9100-46ED-89BE-68DCB9F3D069}.Release|x86.ActiveCfg = Release|Any CPU
		{9376F66C-9100-46ED-89BE-68DCB9F3D069}.Release|x86.Build.0 = Release|Any CPU
		{672475F6-7C07-4809-B1E1-308DAD2AB0DB}.Debug|Any CPU.ActiveCfg = Debug|Any CPU
		{672475F6-7C07-4809-B1E1-308DAD2AB0DB}.Debug|Any CPU.Build.0 = Debug|Any CPU
		{672475F6-7C07-4809-B1E1-308DAD2AB0DB}.Debug|x64.ActiveCfg = Debug|Any CPU
		{672475F6-7C07-4809-B1E1-308DAD2AB0DB}.Debug|x64.Build.0 = Debug|Any CPU
		{672475F6-7C07-4809-B1E1-308DAD2AB0DB}.Debug|x86.ActiveCfg = Debug|Any CPU
		{672475F6-7C07-4809-B1E1-308DAD2AB0DB}.Debug|x86.Build.0 = Debug|Any CPU
		{672475F6-7C07-4809-B1E1-308DAD2AB0DB}.Release|Any CPU.ActiveCfg = Release|Any CPU
		{672475F6-7C07-4809-B1E1-308DAD2AB0DB}.Release|Any CPU.Build.0 = Release|Any CPU
		{672475F6-7C07-4809-B1E1-308DAD2AB0DB}.Release|x64.ActiveCfg = Release|Any CPU
		{672475F6-7C07-4809-B1E1-308DAD2AB0DB}.Release|x64.Build.0 = Release|Any CPU
		{672475F6-7C07-4809-B1E1-308DAD2AB0DB}.Release|x86.ActiveCfg = Release|Any CPU
		{672475F6-7C07-4809-B1E1-308DAD2AB0DB}.Release|x86.Build.0 = Release|Any CPU
		{3D7DFF56-3AF1-4044-ACA8-FF5A88D971D4}.Debug|Any CPU.ActiveCfg = Debug|Any CPU
		{3D7DFF56-3AF1-4044-ACA8-FF5A88D971D4}.Debug|Any CPU.Build.0 = Debug|Any CPU
		{3D7DFF56-3AF1-4044-ACA8-FF5A88D971D4}.Debug|x64.ActiveCfg = Debug|Any CPU
		{3D7DFF56-3AF1-4044-ACA8-FF5A88D971D4}.Debug|x64.Build.0 = Debug|Any CPU
		{3D7DFF56-3AF1-4044-ACA8-FF5A88D971D4}.Debug|x86.ActiveCfg = Debug|Any CPU
		{3D7DFF56-3AF1-4044-ACA8-FF5A88D971D4}.Debug|x86.Build.0 = Debug|Any CPU
		{3D7DFF56-3AF1-4044-ACA8-FF5A88D971D4}.Release|Any CPU.ActiveCfg = Release|Any CPU
		{3D7DFF56-3AF1-4044-ACA8-FF5A88D971D4}.Release|Any CPU.Build.0 = Release|Any CPU
		{3D7DFF56-3AF1-4044-ACA8-FF5A88D971D4}.Release|x64.ActiveCfg = Release|Any CPU
		{3D7DFF56-3AF1-4044-ACA8-FF5A88D971D4}.Release|x64.Build.0 = Release|Any CPU
		{3D7DFF56-3AF1-4044-ACA8-FF5A88D971D4}.Release|x86.ActiveCfg = Release|Any CPU
		{3D7DFF56-3AF1-4044-ACA8-FF5A88D971D4}.Release|x86.Build.0 = Release|Any CPU
		{D4436540-E32F-40AE-A0E0-F6CA3901CEE7}.Debug|Any CPU.ActiveCfg = Debug|Any CPU
		{D4436540-E32F-40AE-A0E0-F6CA3901CEE7}.Debug|Any CPU.Build.0 = Debug|Any CPU
		{D4436540-E32F-40AE-A0E0-F6CA3901CEE7}.Debug|x64.ActiveCfg = Debug|Any CPU
		{D4436540-E32F-40AE-A0E0-F6CA3901CEE7}.Debug|x64.Build.0 = Debug|Any CPU
		{D4436540-E32F-40AE-A0E0-F6CA3901CEE7}.Debug|x86.ActiveCfg = Debug|Any CPU
		{D4436540-E32F-40AE-A0E0-F6CA3901CEE7}.Debug|x86.Build.0 = Debug|Any CPU
		{D4436540-E32F-40AE-A0E0-F6CA3901CEE7}.Release|Any CPU.ActiveCfg = Release|Any CPU
		{D4436540-E32F-40AE-A0E0-F6CA3901CEE7}.Release|Any CPU.Build.0 = Release|Any CPU
		{D4436540-E32F-40AE-A0E0-F6CA3901CEE7}.Release|x64.ActiveCfg = Release|Any CPU
		{D4436540-E32F-40AE-A0E0-F6CA3901CEE7}.Release|x64.Build.0 = Release|Any CPU
		{D4436540-E32F-40AE-A0E0-F6CA3901CEE7}.Release|x86.ActiveCfg = Release|Any CPU
		{D4436540-E32F-40AE-A0E0-F6CA3901CEE7}.Release|x86.Build.0 = Release|Any CPU
		{B8D87FA1-D957-462A-8EA6-8B0E1AF74912}.Debug|Any CPU.ActiveCfg = Debug|Any CPU
		{B8D87FA1-D957-462A-8EA6-8B0E1AF74912}.Debug|Any CPU.Build.0 = Debug|Any CPU
		{B8D87FA1-D957-462A-8EA6-8B0E1AF74912}.Debug|x64.ActiveCfg = Debug|Any CPU
		{B8D87FA1-D957-462A-8EA6-8B0E1AF74912}.Debug|x64.Build.0 = Debug|Any CPU
		{B8D87FA1-D957-462A-8EA6-8B0E1AF74912}.Debug|x86.ActiveCfg = Debug|Any CPU
		{B8D87FA1-D957-462A-8EA6-8B0E1AF74912}.Debug|x86.Build.0 = Debug|Any CPU
		{B8D87FA1-D957-462A-8EA6-8B0E1AF74912}.Release|Any CPU.ActiveCfg = Release|Any CPU
		{B8D87FA1-D957-462A-8EA6-8B0E1AF74912}.Release|Any CPU.Build.0 = Release|Any CPU
		{B8D87FA1-D957-462A-8EA6-8B0E1AF74912}.Release|x64.ActiveCfg = Release|Any CPU
		{B8D87FA1-D957-462A-8EA6-8B0E1AF74912}.Release|x64.Build.0 = Release|Any CPU
		{B8D87FA1-D957-462A-8EA6-8B0E1AF74912}.Release|x86.ActiveCfg = Release|Any CPU
		{B8D87FA1-D957-462A-8EA6-8B0E1AF74912}.Release|x86.Build.0 = Release|Any CPU
		{0DD23EBE-EB4E-406A-8B02-6F0E61A1E8B1}.Debug|Any CPU.ActiveCfg = Debug|Any CPU
		{0DD23EBE-EB4E-406A-8B02-6F0E61A1E8B1}.Debug|Any CPU.Build.0 = Debug|Any CPU
		{0DD23EBE-EB4E-406A-8B02-6F0E61A1E8B1}.Debug|x64.ActiveCfg = Debug|Any CPU
		{0DD23EBE-EB4E-406A-8B02-6F0E61A1E8B1}.Debug|x64.Build.0 = Debug|Any CPU
		{0DD23EBE-EB4E-406A-8B02-6F0E61A1E8B1}.Debug|x86.ActiveCfg = Debug|Any CPU
		{0DD23EBE-EB4E-406A-8B02-6F0E61A1E8B1}.Debug|x86.Build.0 = Debug|Any CPU
		{0DD23EBE-EB4E-406A-8B02-6F0E61A1E8B1}.Release|Any CPU.ActiveCfg = Release|Any CPU
		{0DD23EBE-EB4E-406A-8B02-6F0E61A1E8B1}.Release|Any CPU.Build.0 = Release|Any CPU
		{0DD23EBE-EB4E-406A-8B02-6F0E61A1E8B1}.Release|x64.ActiveCfg = Release|Any CPU
		{0DD23EBE-EB4E-406A-8B02-6F0E61A1E8B1}.Release|x64.Build.0 = Release|Any CPU
		{0DD23EBE-EB4E-406A-8B02-6F0E61A1E8B1}.Release|x86.ActiveCfg = Release|Any CPU
		{0DD23EBE-EB4E-406A-8B02-6F0E61A1E8B1}.Release|x86.Build.0 = Release|Any CPU
		{0873DCE7-A98E-41AB-8FB2-9050823A58C9}.Debug|Any CPU.ActiveCfg = Debug|Any CPU
		{0873DCE7-A98E-41AB-8FB2-9050823A58C9}.Debug|Any CPU.Build.0 = Debug|Any CPU
		{0873DCE7-A98E-41AB-8FB2-9050823A58C9}.Debug|x64.ActiveCfg = Debug|Any CPU
		{0873DCE7-A98E-41AB-8FB2-9050823A58C9}.Debug|x64.Build.0 = Debug|Any CPU
		{0873DCE7-A98E-41AB-8FB2-9050823A58C9}.Debug|x86.ActiveCfg = Debug|Any CPU
		{0873DCE7-A98E-41AB-8FB2-9050823A58C9}.Debug|x86.Build.0 = Debug|Any CPU
		{0873DCE7-A98E-41AB-8FB2-9050823A58C9}.Release|Any CPU.ActiveCfg = Release|Any CPU
		{0873DCE7-A98E-41AB-8FB2-9050823A58C9}.Release|Any CPU.Build.0 = Release|Any CPU
		{0873DCE7-A98E-41AB-8FB2-9050823A58C9}.Release|x64.ActiveCfg = Release|Any CPU
		{0873DCE7-A98E-41AB-8FB2-9050823A58C9}.Release|x64.Build.0 = Release|Any CPU
		{0873DCE7-A98E-41AB-8FB2-9050823A58C9}.Release|x86.ActiveCfg = Release|Any CPU
		{0873DCE7-A98E-41AB-8FB2-9050823A58C9}.Release|x86.Build.0 = Release|Any CPU
		{E052208B-B997-4608-ADE0-80EEF609217B}.Debug|Any CPU.ActiveCfg = Debug|Any CPU
		{E052208B-B997-4608-ADE0-80EEF609217B}.Debug|Any CPU.Build.0 = Debug|Any CPU
		{E052208B-B997-4608-ADE0-80EEF609217B}.Debug|x64.ActiveCfg = Debug|Any CPU
		{E052208B-B997-4608-ADE0-80EEF609217B}.Debug|x64.Build.0 = Debug|Any CPU
		{E052208B-B997-4608-ADE0-80EEF609217B}.Debug|x86.ActiveCfg = Debug|Any CPU
		{E052208B-B997-4608-ADE0-80EEF609217B}.Debug|x86.Build.0 = Debug|Any CPU
		{E052208B-B997-4608-ADE0-80EEF609217B}.Release|Any CPU.ActiveCfg = Release|Any CPU
		{E052208B-B997-4608-ADE0-80EEF609217B}.Release|Any CPU.Build.0 = Release|Any CPU
		{E052208B-B997-4608-ADE0-80EEF609217B}.Release|x64.ActiveCfg = Release|Any CPU
		{E052208B-B997-4608-ADE0-80EEF609217B}.Release|x64.Build.0 = Release|Any CPU
		{E052208B-B997-4608-ADE0-80EEF609217B}.Release|x86.ActiveCfg = Release|Any CPU
		{E052208B-B997-4608-ADE0-80EEF609217B}.Release|x86.Build.0 = Release|Any CPU
		{13CA64EC-1907-45F4-997E-F338E33339BA}.Debug|Any CPU.ActiveCfg = Debug|Any CPU
		{13CA64EC-1907-45F4-997E-F338E33339BA}.Debug|Any CPU.Build.0 = Debug|Any CPU
		{13CA64EC-1907-45F4-997E-F338E33339BA}.Debug|x64.ActiveCfg = Debug|Any CPU
		{13CA64EC-1907-45F4-997E-F338E33339BA}.Debug|x64.Build.0 = Debug|Any CPU
		{13CA64EC-1907-45F4-997E-F338E33339BA}.Debug|x86.ActiveCfg = Debug|Any CPU
		{13CA64EC-1907-45F4-997E-F338E33339BA}.Debug|x86.Build.0 = Debug|Any CPU
		{13CA64EC-1907-45F4-997E-F338E33339BA}.Release|Any CPU.ActiveCfg = Release|Any CPU
		{13CA64EC-1907-45F4-997E-F338E33339BA}.Release|Any CPU.Build.0 = Release|Any CPU
		{13CA64EC-1907-45F4-997E-F338E33339BA}.Release|x64.ActiveCfg = Release|Any CPU
		{13CA64EC-1907-45F4-997E-F338E33339BA}.Release|x64.Build.0 = Release|Any CPU
		{13CA64EC-1907-45F4-997E-F338E33339BA}.Release|x86.ActiveCfg = Release|Any CPU
		{13CA64EC-1907-45F4-997E-F338E33339BA}.Release|x86.Build.0 = Release|Any CPU
		{A9B26433-BD14-45A1-9F6A-A551F515AF7B}.Debug|Any CPU.ActiveCfg = Debug|Any CPU
		{A9B26433-BD14-45A1-9F6A-A551F515AF7B}.Debug|Any CPU.Build.0 = Debug|Any CPU
		{A9B26433-BD14-45A1-9F6A-A551F515AF7B}.Debug|x64.ActiveCfg = Debug|Any CPU
		{A9B26433-BD14-45A1-9F6A-A551F515AF7B}.Debug|x64.Build.0 = Debug|Any CPU
		{A9B26433-BD14-45A1-9F6A-A551F515AF7B}.Debug|x86.ActiveCfg = Debug|Any CPU
		{A9B26433-BD14-45A1-9F6A-A551F515AF7B}.Debug|x86.Build.0 = Debug|Any CPU
		{A9B26433-BD14-45A1-9F6A-A551F515AF7B}.Release|Any CPU.ActiveCfg = Release|Any CPU
		{A9B26433-BD14-45A1-9F6A-A551F515AF7B}.Release|Any CPU.Build.0 = Release|Any CPU
		{A9B26433-BD14-45A1-9F6A-A551F515AF7B}.Release|x64.ActiveCfg = Release|Any CPU
		{A9B26433-BD14-45A1-9F6A-A551F515AF7B}.Release|x64.Build.0 = Release|Any CPU
		{A9B26433-BD14-45A1-9F6A-A551F515AF7B}.Release|x86.ActiveCfg = Release|Any CPU
		{A9B26433-BD14-45A1-9F6A-A551F515AF7B}.Release|x86.Build.0 = Release|Any CPU
	EndGlobalSection
	GlobalSection(SolutionProperties) = preSolution
		HideSolutionNode = FALSE
	EndGlobalSection
	GlobalSection(NestedProjects) = preSolution
		{067BA4F0-3CF9-4248-AEE7-07AD3046A211} = {10A2D9BD-C833-49BB-A62C-26E9704CE2E5}
		{F5254FAC-057D-43A1-8E7B-510931BBE8BB} = {10A2D9BD-C833-49BB-A62C-26E9704CE2E5}
		{360E9E39-2E7E-42D0-B527-3B72EE72C76B} = {10A2D9BD-C833-49BB-A62C-26E9704CE2E5}
		{D9A39BA3-9534-41F8-BFF7-3DF25A2DF7B3} = {10A2D9BD-C833-49BB-A62C-26E9704CE2E5}
		{76210505-3E80-453C-9DF3-10ACA60517B9} = {10A2D9BD-C833-49BB-A62C-26E9704CE2E5}
		{C55FE8B5-95FE-42AB-A743-1AECAFCF1059} = {D9A39BA3-9534-41F8-BFF7-3DF25A2DF7B3}
		{61F6DDD4-1BF0-45D6-A4AD-C6AE3170F54F} = {D9A39BA3-9534-41F8-BFF7-3DF25A2DF7B3}
		{A7D40051-A615-499A-80B7-1F598B262195} = {D9A39BA3-9534-41F8-BFF7-3DF25A2DF7B3}
		{90739DE8-AE0D-4367-A5B6-04727A14A78C} = {360E9E39-2E7E-42D0-B527-3B72EE72C76B}
		{24371873-818E-49B2-85CC-F43479191F2F} = {F5254FAC-057D-43A1-8E7B-510931BBE8BB}
		{595F79BE-7509-43FC-A8BB-870E649B46C1} = {F5254FAC-057D-43A1-8E7B-510931BBE8BB}
		{7A4DE1A4-30A6-4F81-933A-F122269DDA78} = {76210505-3E80-453C-9DF3-10ACA60517B9}
		{D175B49A-4117-402D-B121-6D55769FB3A2} = {F5254FAC-057D-43A1-8E7B-510931BBE8BB}
		{0873DCE7-A98E-41AB-8FB2-9050823A58C9} = {D9A39BA3-9534-41F8-BFF7-3DF25A2DF7B3}
		{488B9843-641D-4BFE-8739-BE6DAC7E3EE5} = {D6F07EF0-ACA9-4828-B9AA-708BE6B83E31}
		{E052208B-B997-4608-ADE0-80EEF609217B} = {488B9843-641D-4BFE-8739-BE6DAC7E3EE5}
	EndGlobalSection
EndGlobal
