
Microsoft Visual Studio Solution File, Format Version 12.00
# Visual Studio 15
VisualStudioVersion = 15.0.26730.15
MinimumVisualStudioVersion = 10.0.40219.1
Project("{9A19103F-16F7-4668-BE54-9A1E7A4F7556}") = "JF.Identity", "src\JF.Identity\JF.Identity.csproj", "{067BA4F0-3CF9-4248-AEE7-07AD3046A211}"
EndProject
Project("{2150E333-8FDC-42A3-9474-1A3956D46DE8}") = "src", "src", "{10A2D9BD-C833-49BB-A62C-26E9704CE2E5}"
EndProject
Project("{2150E333-8FDC-42A3-9474-1A3956D46DE8}") = "test", "test", "{D6F07EF0-ACA9-4828-B9AA-708BE6B83E31}"
EndProject
Project("{9A19103F-16F7-4668-BE54-9A1E7A4F7556}") = "JF.Identity.Store.Model", "src\JF.Identity.Store.Model\JF.Identity.Store.Model.csproj", "{C55FE8B5-95FE-42AB-A743-1AECAFCF1059}"
EndProject
Project("{9A19103F-16F7-4668-BE54-9A1E7A4F7556}") = "JF.Identity.Manager", "src\JF.Identity.Manager\JF.Identity.Manager.csproj", "{90739DE8-AE0D-4367-A5B6-04727A14A78C}"
EndProject
Project("{2150E333-8FDC-42A3-9474-1A3956D46DE8}") = "Solution Items", "Solution Items", "{17CD04D4-E885-4032-B6E4-536D77E740CA}"
	ProjectSection(SolutionItems) = preProject
		NuGet.config = NuGet.config
		staging_deploy.ps1 = staging_deploy.ps1
	EndProjectSection
EndProject
Project("{2150E333-8FDC-42A3-9474-1A3956D46DE8}") = "Store", "Store", "{488B9843-641D-4BFE-8739-BE6DAC7E3EE5}"
EndProject
Project("{9A19103F-16F7-4668-BE54-9A1E7A4F7556}") = "JF.Identity.Common", "src\JF.Identity.Common\JF.Identity.Common.csproj", "{6D9E1998-9185-48B4-9980-4BA3A0A79545}"
EndProject
Project("{9A19103F-16F7-4668-BE54-9A1E7A4F7556}") = "JF.Identity.Service.Abstractions", "src\JF.Identity.Service.Abstractions\JF.Identity.Service.Abstractions.csproj", "{9BD7165A-0CE1-4B76-B0FB-61C5B6EBFD03}"
EndProject
Project("{9A19103F-16F7-4668-BE54-9A1E7A4F7556}") = "JF.Identity.Store.Abstractions", "src\JF.Identity.Store.Abstractions\JF.Identity.Store.Abstractions.csproj", "{07407318-FEE8-4E5C-BD6B-6A55B23573C0}"
EndProject
Project("{9A19103F-16F7-4668-BE54-9A1E7A4F7556}") = "JF.Identity.Service", "src\JF.Identity.Service\JF.Identity.Service.csproj", "{FF9D230B-0CDF-4131-9E2D-9DA7FDBA2B56}"
EndProject
Project("{9A19103F-16F7-4668-BE54-9A1E7A4F7556}") = "JF.Identity.Manager.Abstractions", "src\JF.Identity.Manager.Abstractions\JF.Identity.Manager.Abstractions.csproj", "{0D22CF00-1C4B-40DD-9AFD-917D38E693CB}"
EndProject
Project("{9A19103F-16F7-4668-BE54-9A1E7A4F7556}") = "JF.Identity.MongoStore", "src\JF.Identity.MongoStore\JF.Identity.MongoStore.csproj", "{512EC837-1D22-481D-B7CD-3D4771B58F60}"
EndProject
Project("{9A19103F-16F7-4668-BE54-9A1E7A4F7556}") = "JF.Identity.MongoStoreTest", "test\JF.Identity.MongoStoreTest\JF.Identity.MongoStoreTest.csproj", "{61F9E751-8FF8-4D10-83AE-E932676C58EB}"
EndProject
Project("{9A19103F-16F7-4668-BE54-9A1E7A4F7556}") = "JF.Identity.Manager.Test", "test\JF.Identity.Manager.Test\JF.Identity.Manager.Test.csproj", "{7E1181D8-7C16-478C-B750-E34D76140247}"
EndProject
Project("{2150E333-8FDC-42A3-9474-1A3956D46DE8}") = "Manager", "Manager", "{A315DD40-EF55-447A-802B-3DEBBEBA42EB}"
EndProject
Project("{9A19103F-16F7-4668-BE54-9A1E7A4F7556}") = "JF.Identity.API", "src\JF.Identity.API\JF.Identity.API.csproj", "{3AE91657-2CCF-4395-8158-FB62014AB56C}"
EndProject
Project("{2150E333-8FDC-42A3-9474-1A3956D46DE8}") = "tools", "tools", "{2D70F70B-78D0-4885-A938-D98D34E3B4B9}"
	ProjectSection(SolutionItems) = preProject
		tools\common.props = tools\common.props
		tools\dependencies.props = tools\dependencies.props
		docker-compose.override.yml = docker-compose.override.yml
		docker-compose.yml = docker-compose.yml
	EndProjectSection
EndProject
Project("{9A19103F-16F7-4668-BE54-9A1E7A4F7556}") = "JF.Identity.Infrastructure", "src\JF.Identity.Infrastructure\JF.Identity.Infrastructure.csproj", "{E8DCC13D-0DE2-41C8-8838-032B67B2A135}"
EndProject
Project("{2150E333-8FDC-42A3-9474-1A3956D46DE8}") = "Obsolete", "Obsolete", "{533FCDE4-DC10-4FBD-B515-CAED5CBB10C4}"
EndProject
Project("{9A19103F-16F7-4668-BE54-9A1E7A4F7556}") = "TestHelper", "test\TestHelper\TestHelper.csproj", "{FDA8E150-A95A-4A90-A091-5FCFBF98628A}"
EndProject
Project("{9A19103F-16F7-4668-BE54-9A1E7A4F7556}") = "JF.Identity.API.IntegrationTests", "test\JF.Identity.API.IntegrationTests\JF.Identity.API.IntegrationTests.csproj", "{A52B2A93-194B-4207-8C93-4B957F944B13}"
EndProject
Project("{2150E333-8FDC-42A3-9474-1A3956D46DE8}") = "docker", "docker", "{35FF6A42-6C9A-4B96-AAA3-C144913FE3A5}"
	ProjectSection(SolutionItems) = preProject
		docker-compose.ci.build.yml = docker-compose.ci.build.yml
		docker-compose.override.yml = docker-compose.override.yml
		docker-compose.yml = docker-compose.yml
	EndProjectSection
EndProject
Project("{2150E333-8FDC-42A3-9474-1A3956D46DE8}") = "lib", "lib", "{5DAB2772-CD8F-4980-9346-B760EAA60F18}"
EndProject
Project("{9A19103F-16F7-4668-BE54-9A1E7A4F7556}") = "JF.Domain", "..\JF.CoreFX\src\JF.Domain\JF.Domain.csproj", "{AEEABE81-8445-4419-B935-CCFBA56577A8}"
EndProject
Project("{9A19103F-16F7-4668-BE54-9A1E7A4F7556}") = "JF.Identity.Grain.Abstractions", "src\JF.Identity.Grain.Abstractions\JF.Identity.Grain.Abstractions.csproj", "{B7DD7EAB-1080-4E9A-9D5D-1E83929E084B}"
EndProject
Project("{9A19103F-16F7-4668-BE54-9A1E7A4F7556}") = "JF.Identity.Grain", "src\JF.Identity.Grain\JF.Identity.Grain.csproj", "{2FA5CC46-760F-4D05-A0BE-047380B1484B}"
EndProject
Project("{9A19103F-16F7-4668-BE54-9A1E7A4F7556}") = "JF.Identity.Silo", "src\JF.Identity.Silo\JF.Identity.Silo.csproj", "{D8407661-946B-494E-96F4-BD809A37CDE4}"
EndProject
Global
	GlobalSection(SolutionConfigurationPlatforms) = preSolution
		Debug|Any CPU = Debug|Any CPU
		Debug|x64 = Debug|x64
		Debug|x86 = Debug|x86
		Release|Any CPU = Release|Any CPU
		Release|x64 = Release|x64
		Release|x86 = Release|x86
	EndGlobalSection
	GlobalSection(ProjectConfigurationPlatforms) = postSolution
		{067BA4F0-3CF9-4248-AEE7-07AD3046A211}.Debug|Any CPU.ActiveCfg = Debug|Any CPU
		{067BA4F0-3CF9-4248-AEE7-07AD3046A211}.Debug|Any CPU.Build.0 = Debug|Any CPU
		{067BA4F0-3CF9-4248-AEE7-07AD3046A211}.Debug|x64.ActiveCfg = Debug|Any CPU
		{067BA4F0-3CF9-4248-AEE7-07AD3046A211}.Debug|x64.Build.0 = Debug|Any CPU
		{067BA4F0-3CF9-4248-AEE7-07AD3046A211}.Debug|x86.ActiveCfg = Debug|Any CPU
		{067BA4F0-3CF9-4248-AEE7-07AD3046A211}.Debug|x86.Build.0 = Debug|Any CPU
		{067BA4F0-3CF9-4248-AEE7-07AD3046A211}.Release|Any CPU.ActiveCfg = Release|Any CPU
		{067BA4F0-3CF9-4248-AEE7-07AD3046A211}.Release|Any CPU.Build.0 = Release|Any CPU
		{067BA4F0-3CF9-4248-AEE7-07AD3046A211}.Release|x64.ActiveCfg = Release|Any CPU
		{067BA4F0-3CF9-4248-AEE7-07AD3046A211}.Release|x64.Build.0 = Release|Any CPU
		{067BA4F0-3CF9-4248-AEE7-07AD3046A211}.Release|x86.ActiveCfg = Release|Any CPU
		{067BA4F0-3CF9-4248-AEE7-07AD3046A211}.Release|x86.Build.0 = Release|Any CPU
		{C55FE8B5-95FE-42AB-A743-1AECAFCF1059}.Debug|Any CPU.ActiveCfg = Debug|Any CPU
		{C55FE8B5-95FE-42AB-A743-1AECAFCF1059}.Debug|Any CPU.Build.0 = Debug|Any CPU
		{C55FE8B5-95FE-42AB-A743-1AECAFCF1059}.Debug|x64.ActiveCfg = Debug|Any CPU
		{C55FE8B5-95FE-42AB-A743-1AECAFCF1059}.Debug|x64.Build.0 = Debug|Any CPU
		{C55FE8B5-95FE-42AB-A743-1AECAFCF1059}.Debug|x86.ActiveCfg = Debug|Any CPU
		{C55FE8B5-95FE-42AB-A743-1AECAFCF1059}.Debug|x86.Build.0 = Debug|Any CPU
		{C55FE8B5-95FE-42AB-A743-1AECAFCF1059}.Release|Any CPU.ActiveCfg = Release|Any CPU
		{C55FE8B5-95FE-42AB-A743-1AECAFCF1059}.Release|Any CPU.Build.0 = Release|Any CPU
		{C55FE8B5-95FE-42AB-A743-1AECAFCF1059}.Release|x64.ActiveCfg = Release|Any CPU
		{C55FE8B5-95FE-42AB-A743-1AECAFCF1059}.Release|x64.Build.0 = Release|Any CPU
		{C55FE8B5-95FE-42AB-A743-1AECAFCF1059}.Release|x86.ActiveCfg = Release|Any CPU
		{C55FE8B5-95FE-42AB-A743-1AECAFCF1059}.Release|x86.Build.0 = Release|Any CPU
		{90739DE8-AE0D-4367-A5B6-04727A14A78C}.Debug|Any CPU.ActiveCfg = Debug|Any CPU
		{90739DE8-AE0D-4367-A5B6-04727A14A78C}.Debug|Any CPU.Build.0 = Debug|Any CPU
		{90739DE8-AE0D-4367-A5B6-04727A14A78C}.Debug|x64.ActiveCfg = Debug|Any CPU
		{90739DE8-AE0D-4367-A5B6-04727A14A78C}.Debug|x64.Build.0 = Debug|Any CPU
		{90739DE8-AE0D-4367-A5B6-04727A14A78C}.Debug|x86.ActiveCfg = Debug|Any CPU
		{90739DE8-AE0D-4367-A5B6-04727A14A78C}.Debug|x86.Build.0 = Debug|Any CPU
		{90739DE8-AE0D-4367-A5B6-04727A14A78C}.Release|Any CPU.ActiveCfg = Release|Any CPU
		{90739DE8-AE0D-4367-A5B6-04727A14A78C}.Release|Any CPU.Build.0 = Release|Any CPU
		{90739DE8-AE0D-4367-A5B6-04727A14A78C}.Release|x64.ActiveCfg = Release|Any CPU
		{90739DE8-AE0D-4367-A5B6-04727A14A78C}.Release|x64.Build.0 = Release|Any CPU
		{90739DE8-AE0D-4367-A5B6-04727A14A78C}.Release|x86.ActiveCfg = Release|Any CPU
		{90739DE8-AE0D-4367-A5B6-04727A14A78C}.Release|x86.Build.0 = Release|Any CPU
		{6D9E1998-9185-48B4-9980-4BA3A0A79545}.Debug|Any CPU.ActiveCfg = Debug|Any CPU
		{6D9E1998-9185-48B4-9980-4BA3A0A79545}.Debug|Any CPU.Build.0 = Debug|Any CPU
		{6D9E1998-9185-48B4-9980-4BA3A0A79545}.Debug|x64.ActiveCfg = Debug|Any CPU
		{6D9E1998-9185-48B4-9980-4BA3A0A79545}.Debug|x64.Build.0 = Debug|Any CPU
		{6D9E1998-9185-48B4-9980-4BA3A0A79545}.Debug|x86.ActiveCfg = Debug|Any CPU
		{6D9E1998-9185-48B4-9980-4BA3A0A79545}.Debug|x86.Build.0 = Debug|Any CPU
		{6D9E1998-9185-48B4-9980-4BA3A0A79545}.Release|Any CPU.ActiveCfg = Release|Any CPU
		{6D9E1998-9185-48B4-9980-4BA3A0A79545}.Release|Any CPU.Build.0 = Release|Any CPU
		{6D9E1998-9185-48B4-9980-4BA3A0A79545}.Release|x64.ActiveCfg = Release|Any CPU
		{6D9E1998-9185-48B4-9980-4BA3A0A79545}.Release|x64.Build.0 = Release|Any CPU
		{6D9E1998-9185-48B4-9980-4BA3A0A79545}.Release|x86.ActiveCfg = Release|Any CPU
		{6D9E1998-9185-48B4-9980-4BA3A0A79545}.Release|x86.Build.0 = Release|Any CPU
		{9BD7165A-0CE1-4B76-B0FB-61C5B6EBFD03}.Debug|Any CPU.ActiveCfg = Debug|Any CPU
		{9BD7165A-0CE1-4B76-B0FB-61C5B6EBFD03}.Debug|Any CPU.Build.0 = Debug|Any CPU
		{9BD7165A-0CE1-4B76-B0FB-61C5B6EBFD03}.Debug|x64.ActiveCfg = Debug|Any CPU
		{9BD7165A-0CE1-4B76-B0FB-61C5B6EBFD03}.Debug|x64.Build.0 = Debug|Any CPU
		{9BD7165A-0CE1-4B76-B0FB-61C5B6EBFD03}.Debug|x86.ActiveCfg = Debug|Any CPU
		{9BD7165A-0CE1-4B76-B0FB-61C5B6EBFD03}.Debug|x86.Build.0 = Debug|Any CPU
		{9BD7165A-0CE1-4B76-B0FB-61C5B6EBFD03}.Release|Any CPU.ActiveCfg = Release|Any CPU
		{9BD7165A-0CE1-4B76-B0FB-61C5B6EBFD03}.Release|Any CPU.Build.0 = Release|Any CPU
		{9BD7165A-0CE1-4B76-B0FB-61C5B6EBFD03}.Release|x64.ActiveCfg = Release|Any CPU
		{9BD7165A-0CE1-4B76-B0FB-61C5B6EBFD03}.Release|x64.Build.0 = Release|Any CPU
		{9BD7165A-0CE1-4B76-B0FB-61C5B6EBFD03}.Release|x86.ActiveCfg = Release|Any CPU
		{9BD7165A-0CE1-4B76-B0FB-61C5B6EBFD03}.Release|x86.Build.0 = Release|Any CPU
		{07407318-FEE8-4E5C-BD6B-6A55B23573C0}.Debug|Any CPU.ActiveCfg = Debug|Any CPU
		{07407318-FEE8-4E5C-BD6B-6A55B23573C0}.Debug|Any CPU.Build.0 = Debug|Any CPU
		{07407318-FEE8-4E5C-BD6B-6A55B23573C0}.Debug|x64.ActiveCfg = Debug|Any CPU
		{07407318-FEE8-4E5C-BD6B-6A55B23573C0}.Debug|x64.Build.0 = Debug|Any CPU
		{07407318-FEE8-4E5C-BD6B-6A55B23573C0}.Debug|x86.ActiveCfg = Debug|Any CPU
		{07407318-FEE8-4E5C-BD6B-6A55B23573C0}.Debug|x86.Build.0 = Debug|Any CPU
		{07407318-FEE8-4E5C-BD6B-6A55B23573C0}.Release|Any CPU.ActiveCfg = Release|Any CPU
		{07407318-FEE8-4E5C-BD6B-6A55B23573C0}.Release|Any CPU.Build.0 = Release|Any CPU
		{07407318-FEE8-4E5C-BD6B-6A55B23573C0}.Release|x64.ActiveCfg = Release|Any CPU
		{07407318-FEE8-4E5C-BD6B-6A55B23573C0}.Release|x64.Build.0 = Release|Any CPU
		{07407318-FEE8-4E5C-BD6B-6A55B23573C0}.Release|x86.ActiveCfg = Release|Any CPU
		{07407318-FEE8-4E5C-BD6B-6A55B23573C0}.Release|x86.Build.0 = Release|Any CPU
		{FF9D230B-0CDF-4131-9E2D-9DA7FDBA2B56}.Debug|Any CPU.ActiveCfg = Debug|Any CPU
		{FF9D230B-0CDF-4131-9E2D-9DA7FDBA2B56}.Debug|Any CPU.Build.0 = Debug|Any CPU
		{FF9D230B-0CDF-4131-9E2D-9DA7FDBA2B56}.Debug|x64.ActiveCfg = Debug|Any CPU
		{FF9D230B-0CDF-4131-9E2D-9DA7FDBA2B56}.Debug|x64.Build.0 = Debug|Any CPU
		{FF9D230B-0CDF-4131-9E2D-9DA7FDBA2B56}.Debug|x86.ActiveCfg = Debug|Any CPU
		{FF9D230B-0CDF-4131-9E2D-9DA7FDBA2B56}.Debug|x86.Build.0 = Debug|Any CPU
		{FF9D230B-0CDF-4131-9E2D-9DA7FDBA2B56}.Release|Any CPU.ActiveCfg = Release|Any CPU
		{FF9D230B-0CDF-4131-9E2D-9DA7FDBA2B56}.Release|Any CPU.Build.0 = Release|Any CPU
		{FF9D230B-0CDF-4131-9E2D-9DA7FDBA2B56}.Release|x64.ActiveCfg = Release|Any CPU
		{FF9D230B-0CDF-4131-9E2D-9DA7FDBA2B56}.Release|x64.Build.0 = Release|Any CPU
		{FF9D230B-0CDF-4131-9E2D-9DA7FDBA2B56}.Release|x86.ActiveCfg = Release|Any CPU
		{FF9D230B-0CDF-4131-9E2D-9DA7FDBA2B56}.Release|x86.Build.0 = Release|Any CPU
		{0D22CF00-1C4B-40DD-9AFD-917D38E693CB}.Debug|Any CPU.ActiveCfg = Debug|Any CPU
		{0D22CF00-1C4B-40DD-9AFD-917D38E693CB}.Debug|Any CPU.Build.0 = Debug|Any CPU
		{0D22CF00-1C4B-40DD-9AFD-917D38E693CB}.Debug|x64.ActiveCfg = Debug|Any CPU
		{0D22CF00-1C4B-40DD-9AFD-917D38E693CB}.Debug|x64.Build.0 = Debug|Any CPU
		{0D22CF00-1C4B-40DD-9AFD-917D38E693CB}.Debug|x86.ActiveCfg = Debug|Any CPU
		{0D22CF00-1C4B-40DD-9AFD-917D38E693CB}.Debug|x86.Build.0 = Debug|Any CPU
		{0D22CF00-1C4B-40DD-9AFD-917D38E693CB}.Release|Any CPU.ActiveCfg = Release|Any CPU
		{0D22CF00-1C4B-40DD-9AFD-917D38E693CB}.Release|Any CPU.Build.0 = Release|Any CPU
		{0D22CF00-1C4B-40DD-9AFD-917D38E693CB}.Release|x64.ActiveCfg = Release|Any CPU
		{0D22CF00-1C4B-40DD-9AFD-917D38E693CB}.Release|x64.Build.0 = Release|Any CPU
		{0D22CF00-1C4B-40DD-9AFD-917D38E693CB}.Release|x86.ActiveCfg = Release|Any CPU
		{0D22CF00-1C4B-40DD-9AFD-917D38E693CB}.Release|x86.Build.0 = Release|Any CPU
		{512EC837-1D22-481D-B7CD-3D4771B58F60}.Debug|Any CPU.ActiveCfg = Debug|Any CPU
		{512EC837-1D22-481D-B7CD-3D4771B58F60}.Debug|Any CPU.Build.0 = Debug|Any CPU
		{512EC837-1D22-481D-B7CD-3D4771B58F60}.Debug|x64.ActiveCfg = Debug|Any CPU
		{512EC837-1D22-481D-B7CD-3D4771B58F60}.Debug|x64.Build.0 = Debug|Any CPU
		{512EC837-1D22-481D-B7CD-3D4771B58F60}.Debug|x86.ActiveCfg = Debug|Any CPU
		{512EC837-1D22-481D-B7CD-3D4771B58F60}.Debug|x86.Build.0 = Debug|Any CPU
		{512EC837-1D22-481D-B7CD-3D4771B58F60}.Release|Any CPU.ActiveCfg = Release|Any CPU
		{512EC837-1D22-481D-B7CD-3D4771B58F60}.Release|Any CPU.Build.0 = Release|Any CPU
		{512EC837-1D22-481D-B7CD-3D4771B58F60}.Release|x64.ActiveCfg = Release|Any CPU
		{512EC837-1D22-481D-B7CD-3D4771B58F60}.Release|x64.Build.0 = Release|Any CPU
		{512EC837-1D22-481D-B7CD-3D4771B58F60}.Release|x86.ActiveCfg = Release|Any CPU
		{512EC837-1D22-481D-B7CD-3D4771B58F60}.Release|x86.Build.0 = Release|Any CPU
		{61F9E751-8FF8-4D10-83AE-E932676C58EB}.Debug|Any CPU.ActiveCfg = Debug|Any CPU
		{61F9E751-8FF8-4D10-83AE-E932676C58EB}.Debug|Any CPU.Build.0 = Debug|Any CPU
		{61F9E751-8FF8-4D10-83AE-E932676C58EB}.Debug|x64.ActiveCfg = Debug|Any CPU
		{61F9E751-8FF8-4D10-83AE-E932676C58EB}.Debug|x64.Build.0 = Debug|Any CPU
		{61F9E751-8FF8-4D10-83AE-E932676C58EB}.Debug|x86.ActiveCfg = Debug|Any CPU
		{61F9E751-8FF8-4D10-83AE-E932676C58EB}.Debug|x86.Build.0 = Debug|Any CPU
		{61F9E751-8FF8-4D10-83AE-E932676C58EB}.Release|Any CPU.ActiveCfg = Release|Any CPU
		{61F9E751-8FF8-4D10-83AE-E932676C58EB}.Release|Any CPU.Build.0 = Release|Any CPU
		{61F9E751-8FF8-4D10-83AE-E932676C58EB}.Release|x64.ActiveCfg = Release|Any CPU
		{61F9E751-8FF8-4D10-83AE-E932676C58EB}.Release|x64.Build.0 = Release|Any CPU
		{61F9E751-8FF8-4D10-83AE-E932676C58EB}.Release|x86.ActiveCfg = Release|Any CPU
		{61F9E751-8FF8-4D10-83AE-E932676C58EB}.Release|x86.Build.0 = Release|Any CPU
		{7E1181D8-7C16-478C-B750-E34D76140247}.Debug|Any CPU.ActiveCfg = Debug|Any CPU
		{7E1181D8-7C16-478C-B750-E34D76140247}.Debug|Any CPU.Build.0 = Debug|Any CPU
		{7E1181D8-7C16-478C-B750-E34D76140247}.Debug|x64.ActiveCfg = Debug|Any CPU
		{7E1181D8-7C16-478C-B750-E34D76140247}.Debug|x64.Build.0 = Debug|Any CPU
		{7E1181D8-7C16-478C-B750-E34D76140247}.Debug|x86.ActiveCfg = Debug|Any CPU
		{7E1181D8-7C16-478C-B750-E34D76140247}.Debug|x86.Build.0 = Debug|Any CPU
		{7E1181D8-7C16-478C-B750-E34D76140247}.Release|Any CPU.ActiveCfg = Release|Any CPU
		{7E1181D8-7C16-478C-B750-E34D76140247}.Release|Any CPU.Build.0 = Release|Any CPU
		{7E1181D8-7C16-478C-B750-E34D76140247}.Release|x64.ActiveCfg = Release|Any CPU
		{7E1181D8-7C16-478C-B750-E34D76140247}.Release|x64.Build.0 = Release|Any CPU
		{7E1181D8-7C16-478C-B750-E34D76140247}.Release|x86.ActiveCfg = Release|Any CPU
		{7E1181D8-7C16-478C-B750-E34D76140247}.Release|x86.Build.0 = Release|Any CPU
		{3AE91657-2CCF-4395-8158-FB62014AB56C}.Debug|Any CPU.ActiveCfg = Debug|Any CPU
		{3AE91657-2CCF-4395-8158-FB62014AB56C}.Debug|Any CPU.Build.0 = Debug|Any CPU
		{3AE91657-2CCF-4395-8158-FB62014AB56C}.Debug|x64.ActiveCfg = Debug|Any CPU
		{3AE91657-2CCF-4395-8158-FB62014AB56C}.Debug|x64.Build.0 = Debug|Any CPU
		{3AE91657-2CCF-4395-8158-FB62014AB56C}.Debug|x86.ActiveCfg = Debug|Any CPU
		{3AE91657-2CCF-4395-8158-FB62014AB56C}.Debug|x86.Build.0 = Debug|Any CPU
		{3AE91657-2CCF-4395-8158-FB62014AB56C}.Release|Any CPU.ActiveCfg = Release|Any CPU
		{3AE91657-2CCF-4395-8158-FB62014AB56C}.Release|Any CPU.Build.0 = Release|Any CPU
		{3AE91657-2CCF-4395-8158-FB62014AB56C}.Release|x64.ActiveCfg = Release|Any CPU
		{3AE91657-2CCF-4395-8158-FB62014AB56C}.Release|x64.Build.0 = Release|Any CPU
		{3AE91657-2CCF-4395-8158-FB62014AB56C}.Release|x86.ActiveCfg = Release|Any CPU
		{3AE91657-2CCF-4395-8158-FB62014AB56C}.Release|x86.Build.0 = Release|Any CPU
		{E8DCC13D-0DE2-41C8-8838-032B67B2A135}.Debug|Any CPU.ActiveCfg = Debug|Any CPU
		{E8DCC13D-0DE2-41C8-8838-032B67B2A135}.Debug|Any CPU.Build.0 = Debug|Any CPU
		{E8DCC13D-0DE2-41C8-8838-032B67B2A135}.Debug|x64.ActiveCfg = Debug|Any CPU
		{E8DCC13D-0DE2-41C8-8838-032B67B2A135}.Debug|x64.Build.0 = Debug|Any CPU
		{E8DCC13D-0DE2-41C8-8838-032B67B2A135}.Debug|x86.ActiveCfg = Debug|Any CPU
		{E8DCC13D-0DE2-41C8-8838-032B67B2A135}.Debug|x86.Build.0 = Debug|Any CPU
		{E8DCC13D-0DE2-41C8-8838-032B67B2A135}.Release|Any CPU.ActiveCfg = Release|Any CPU
		{E8DCC13D-0DE2-41C8-8838-032B67B2A135}.Release|Any CPU.Build.0 = Release|Any CPU
		{E8DCC13D-0DE2-41C8-8838-032B67B2A135}.Release|x64.ActiveCfg = Release|Any CPU
		{E8DCC13D-0DE2-41C8-8838-032B67B2A135}.Release|x64.Build.0 = Release|Any CPU
		{E8DCC13D-0DE2-41C8-8838-032B67B2A135}.Release|x86.ActiveCfg = Release|Any CPU
		{E8DCC13D-0DE2-41C8-8838-032B67B2A135}.Release|x86.Build.0 = Release|Any CPU
		{FDA8E150-A95A-4A90-A091-5FCFBF98628A}.Debug|Any CPU.ActiveCfg = Debug|Any CPU
		{FDA8E150-A95A-4A90-A091-5FCFBF98628A}.Debug|Any CPU.Build.0 = Debug|Any CPU
		{FDA8E150-A95A-4A90-A091-5FCFBF98628A}.Debug|x64.ActiveCfg = Debug|Any CPU
		{FDA8E150-A95A-4A90-A091-5FCFBF98628A}.Debug|x64.Build.0 = Debug|Any CPU
		{FDA8E150-A95A-4A90-A091-5FCFBF98628A}.Debug|x86.ActiveCfg = Debug|Any CPU
		{FDA8E150-A95A-4A90-A091-5FCFBF98628A}.Debug|x86.Build.0 = Debug|Any CPU
		{FDA8E150-A95A-4A90-A091-5FCFBF98628A}.Release|Any CPU.ActiveCfg = Release|Any CPU
		{FDA8E150-A95A-4A90-A091-5FCFBF98628A}.Release|Any CPU.Build.0 = Release|Any CPU
		{FDA8E150-A95A-4A90-A091-5FCFBF98628A}.Release|x64.ActiveCfg = Release|Any CPU
		{FDA8E150-A95A-4A90-A091-5FCFBF98628A}.Release|x64.Build.0 = Release|Any CPU
		{FDA8E150-A95A-4A90-A091-5FCFBF98628A}.Release|x86.ActiveCfg = Release|Any CPU
		{FDA8E150-A95A-4A90-A091-5FCFBF98628A}.Release|x86.Build.0 = Release|Any CPU
		{A52B2A93-194B-4207-8C93-4B957F944B13}.Debug|Any CPU.ActiveCfg = Debug|Any CPU
		{A52B2A93-194B-4207-8C93-4B957F944B13}.Debug|Any CPU.Build.0 = Debug|Any CPU
		{A52B2A93-194B-4207-8C93-4B957F944B13}.Debug|x64.ActiveCfg = Debug|Any CPU
		{A52B2A93-194B-4207-8C93-4B957F944B13}.Debug|x64.Build.0 = Debug|Any CPU
		{A52B2A93-194B-4207-8C93-4B957F944B13}.Debug|x86.ActiveCfg = Debug|Any CPU
		{A52B2A93-194B-4207-8C93-4B957F944B13}.Debug|x86.Build.0 = Debug|Any CPU
		{A52B2A93-194B-4207-8C93-4B957F944B13}.Release|Any CPU.ActiveCfg = Release|Any CPU
		{A52B2A93-194B-4207-8C93-4B957F944B13}.Release|Any CPU.Build.0 = Release|Any CPU
		{A52B2A93-194B-4207-8C93-4B957F944B13}.Release|x64.ActiveCfg = Release|Any CPU
		{A52B2A93-194B-4207-8C93-4B957F944B13}.Release|x64.Build.0 = Release|Any CPU
		{A52B2A93-194B-4207-8C93-4B957F944B13}.Release|x86.ActiveCfg = Release|Any CPU
		{A52B2A93-194B-4207-8C93-4B957F944B13}.Release|x86.Build.0 = Release|Any CPU
		{AEEABE81-8445-4419-B935-CCFBA56577A8}.Debug|Any CPU.ActiveCfg = Debug|Any CPU
		{AEEABE81-8445-4419-B935-CCFBA56577A8}.Debug|Any CPU.Build.0 = Debug|Any CPU
		{AEEABE81-8445-4419-B935-CCFBA56577A8}.Debug|x64.ActiveCfg = Debug|Any CPU
		{AEEABE81-8445-4419-B935-CCFBA56577A8}.Debug|x64.Build.0 = Debug|Any CPU
		{AEEABE81-8445-4419-B935-CCFBA56577A8}.Debug|x86.ActiveCfg = Debug|Any CPU
		{AEEABE81-8445-4419-B935-CCFBA56577A8}.Debug|x86.Build.0 = Debug|Any CPU
		{AEEABE81-8445-4419-B935-CCFBA56577A8}.Release|Any CPU.ActiveCfg = Release|Any CPU
		{AEEABE81-8445-4419-B935-CCFBA56577A8}.Release|Any CPU.Build.0 = Release|Any CPU
		{AEEABE81-8445-4419-B935-CCFBA56577A8}.Release|x64.ActiveCfg = Release|Any CPU
		{AEEABE81-8445-4419-B935-CCFBA56577A8}.Release|x64.Build.0 = Release|Any CPU
		{AEEABE81-8445-4419-B935-CCFBA56577A8}.Release|x86.ActiveCfg = Release|Any CPU
		{AEEABE81-8445-4419-B935-CCFBA56577A8}.Release|x86.Build.0 = Release|Any CPU
		{B7DD7EAB-1080-4E9A-9D5D-1E83929E084B}.Debug|Any CPU.ActiveCfg = Debug|Any CPU
		{B7DD7EAB-1080-4E9A-9D5D-1E83929E084B}.Debug|Any CPU.Build.0 = Debug|Any CPU
		{B7DD7EAB-1080-4E9A-9D5D-1E83929E084B}.Debug|x64.ActiveCfg = Debug|Any CPU
		{B7DD7EAB-1080-4E9A-9D5D-1E83929E084B}.Debug|x64.Build.0 = Debug|Any CPU
		{B7DD7EAB-1080-4E9A-9D5D-1E83929E084B}.Debug|x86.ActiveCfg = Debug|Any CPU
		{B7DD7EAB-1080-4E9A-9D5D-1E83929E084B}.Debug|x86.Build.0 = Debug|Any CPU
		{B7DD7EAB-1080-4E9A-9D5D-1E83929E084B}.Release|Any CPU.ActiveCfg = Release|Any CPU
		{B7DD7EAB-1080-4E9A-9D5D-1E83929E084B}.Release|Any CPU.Build.0 = Release|Any CPU
		{B7DD7EAB-1080-4E9A-9D5D-1E83929E084B}.Release|x64.ActiveCfg = Release|Any CPU
		{B7DD7EAB-1080-4E9A-9D5D-1E83929E084B}.Release|x64.Build.0 = Release|Any CPU
		{B7DD7EAB-1080-4E9A-9D5D-1E83929E084B}.Release|x86.ActiveCfg = Release|Any CPU
		{B7DD7EAB-1080-4E9A-9D5D-1E83929E084B}.Release|x86.Build.0 = Release|Any CPU
		{2FA5CC46-760F-4D05-A0BE-047380B1484B}.Debug|Any CPU.ActiveCfg = Debug|Any CPU
		{2FA5CC46-760F-4D05-A0BE-047380B1484B}.Debug|Any CPU.Build.0 = Debug|Any CPU
		{2FA5CC46-760F-4D05-A0BE-047380B1484B}.Debug|x64.ActiveCfg = Debug|Any CPU
		{2FA5CC46-760F-4D05-A0BE-047380B1484B}.Debug|x64.Build.0 = Debug|Any CPU
		{2FA5CC46-760F-4D05-A0BE-047380B1484B}.Debug|x86.ActiveCfg = Debug|Any CPU
		{2FA5CC46-760F-4D05-A0BE-047380B1484B}.Debug|x86.Build.0 = Debug|Any CPU
		{2FA5CC46-760F-4D05-A0BE-047380B1484B}.Release|Any CPU.ActiveCfg = Release|Any CPU
		{2FA5CC46-760F-4D05-A0BE-047380B1484B}.Release|Any CPU.Build.0 = Release|Any CPU
		{2FA5CC46-760F-4D05-A0BE-047380B1484B}.Release|x64.ActiveCfg = Release|Any CPU
		{2FA5CC46-760F-4D05-A0BE-047380B1484B}.Release|x64.Build.0 = Release|Any CPU
		{2FA5CC46-760F-4D05-A0BE-047380B1484B}.Release|x86.ActiveCfg = Release|Any CPU
		{2FA5CC46-760F-4D05-A0BE-047380B1484B}.Release|x86.Build.0 = Release|Any CPU
		{D8407661-946B-494E-96F4-BD809A37CDE4}.Debug|Any CPU.ActiveCfg = Debug|Any CPU
		{D8407661-946B-494E-96F4-BD809A37CDE4}.Debug|Any CPU.Build.0 = Debug|Any CPU
		{D8407661-946B-494E-96F4-BD809A37CDE4}.Debug|x64.ActiveCfg = Debug|Any CPU
		{D8407661-946B-494E-96F4-BD809A37CDE4}.Debug|x64.Build.0 = Debug|Any CPU
		{D8407661-946B-494E-96F4-BD809A37CDE4}.Debug|x86.ActiveCfg = Debug|Any CPU
		{D8407661-946B-494E-96F4-BD809A37CDE4}.Debug|x86.Build.0 = Debug|Any CPU
		{D8407661-946B-494E-96F4-BD809A37CDE4}.Release|Any CPU.ActiveCfg = Release|Any CPU
		{D8407661-946B-494E-96F4-BD809A37CDE4}.Release|Any CPU.Build.0 = Release|Any CPU
		{D8407661-946B-494E-96F4-BD809A37CDE4}.Release|x64.ActiveCfg = Release|Any CPU
		{D8407661-946B-494E-96F4-BD809A37CDE4}.Release|x64.Build.0 = Release|Any CPU
		{D8407661-946B-494E-96F4-BD809A37CDE4}.Release|x86.ActiveCfg = Release|Any CPU
		{D8407661-946B-494E-96F4-BD809A37CDE4}.Release|x86.Build.0 = Release|Any CPU
	EndGlobalSection
	GlobalSection(SolutionProperties) = preSolution
		HideSolutionNode = FALSE
	EndGlobalSection
	GlobalSection(NestedProjects) = preSolution
		{067BA4F0-3CF9-4248-AEE7-07AD3046A211} = {533FCDE4-DC10-4FBD-B515-CAED5CBB10C4}
		{C55FE8B5-95FE-42AB-A743-1AECAFCF1059} = {533FCDE4-DC10-4FBD-B515-CAED5CBB10C4}
		{90739DE8-AE0D-4367-A5B6-04727A14A78C} = {533FCDE4-DC10-4FBD-B515-CAED5CBB10C4}
		{488B9843-641D-4BFE-8739-BE6DAC7E3EE5} = {D6F07EF0-ACA9-4828-B9AA-708BE6B83E31}
		{6D9E1998-9185-48B4-9980-4BA3A0A79545} = {533FCDE4-DC10-4FBD-B515-CAED5CBB10C4}
		{9BD7165A-0CE1-4B76-B0FB-61C5B6EBFD03} = {533FCDE4-DC10-4FBD-B515-CAED5CBB10C4}
		{07407318-FEE8-4E5C-BD6B-6A55B23573C0} = {533FCDE4-DC10-4FBD-B515-CAED5CBB10C4}
		{FF9D230B-0CDF-4131-9E2D-9DA7FDBA2B56} = {533FCDE4-DC10-4FBD-B515-CAED5CBB10C4}
		{0D22CF00-1C4B-40DD-9AFD-917D38E693CB} = {533FCDE4-DC10-4FBD-B515-CAED5CBB10C4}
		{512EC837-1D22-481D-B7CD-3D4771B58F60} = {533FCDE4-DC10-4FBD-B515-CAED5CBB10C4}
		{61F9E751-8FF8-4D10-83AE-E932676C58EB} = {533FCDE4-DC10-4FBD-B515-CAED5CBB10C4}
		{7E1181D8-7C16-478C-B750-E34D76140247} = {533FCDE4-DC10-4FBD-B515-CAED5CBB10C4}
		{A315DD40-EF55-447A-802B-3DEBBEBA42EB} = {D6F07EF0-ACA9-4828-B9AA-708BE6B83E31}
		{3AE91657-2CCF-4395-8158-FB62014AB56C} = {10A2D9BD-C833-49BB-A62C-26E9704CE2E5}
		{2D70F70B-78D0-4885-A938-D98D34E3B4B9} = {17CD04D4-E885-4032-B6E4-536D77E740CA}
		{E8DCC13D-0DE2-41C8-8838-032B67B2A135} = {10A2D9BD-C833-49BB-A62C-26E9704CE2E5}
		{FDA8E150-A95A-4A90-A091-5FCFBF98628A} = {D6F07EF0-ACA9-4828-B9AA-708BE6B83E31}
		{A52B2A93-194B-4207-8C93-4B957F944B13} = {D6F07EF0-ACA9-4828-B9AA-708BE6B83E31}
		{35FF6A42-6C9A-4B96-AAA3-C144913FE3A5} = {17CD04D4-E885-4032-B6E4-536D77E740CA}
		{AEEABE81-8445-4419-B935-CCFBA56577A8} = {5DAB2772-CD8F-4980-9346-B760EAA60F18}
		{B7DD7EAB-1080-4E9A-9D5D-1E83929E084B} = {10A2D9BD-C833-49BB-A62C-26E9704CE2E5}
		{2FA5CC46-760F-4D05-A0BE-047380B1484B} = {10A2D9BD-C833-49BB-A62C-26E9704CE2E5}
		{D8407661-946B-494E-96F4-BD809A37CDE4} = {10A2D9BD-C833-49BB-A62C-26E9704CE2E5}
	EndGlobalSection
	GlobalSection(ExtensibilityGlobals) = postSolution
		SolutionGuid = {0790C42D-19B9-4797-9FD7-5990C0FE71B5}
	EndGlobalSection
EndGlobal
